
Microsoft Visual Studio Solution File, Format Version 12.00
# Visual Studio Version 18
VisualStudioVersion = 18.5.11709.299
MinimumVisualStudioVersion = 10.0.40219.1
Project("{2150E333-8FDC-42A3-9474-1A3956D46DE8}") = "src", "src", "{E5EF59D0-8276-4A06-999F-31D5840FCB8A}"
EndProject
Project("{2150E333-8FDC-42A3-9474-1A3956D46DE8}") = "Auth", "Auth", "{74056E67-414A-4E71-B7FD-BFB917702D1A}"
EndProject
Project("{2150E333-8FDC-42A3-9474-1A3956D46DE8}") = "Extensions", "Extensions", "{7D6EA50E-89B0-4979-AA19-0125F6B560DB}"
EndProject
Project("{2150E333-8FDC-42A3-9474-1A3956D46DE8}") = "DDD", "DDD", "{64444176-1CE7-4179-A2C8-62D081FEF5D7}"
EndProject
Project("{2150E333-8FDC-42A3-9474-1A3956D46DE8}") = "samples", "samples", "{3B3981A0-A62C-468A-8497-9D0FA1848E01}"
EndProject
Project("{2150E333-8FDC-42A3-9474-1A3956D46DE8}") = "Logging", "Logging", "{18CD5079-F342-4B84-B90B-389F3D169DAD}"
EndProject
Project("{FAE04EC0-301F-11D3-BF4B-00C04F79EFBC}") = "BeniceSoft.Abp.Sample.Host", "samples\BeniceSoft.Abp.Sample.Host\BeniceSoft.Abp.Sample.Host.csproj", "{CDE5259C-9880-9DE5-1266-C3E44DE6606C}"
EndProject
Project("{FAE04EC0-301F-11D3-BF4B-00C04F79EFBC}") = "BeniceSoft.Abp.Sample.EntityFrameworkCore", "samples\BeniceSoft.Abp.Sample.EntityFrameworkCore\BeniceSoft.Abp.Sample.EntityFrameworkCore.csproj", "{18BCB605-BF35-4BAA-180A-12A228EE75FD}"
EndProject
Project("{FAE04EC0-301F-11D3-BF4B-00C04F79EFBC}") = "BeniceSoft.Abp.Sample.Domain.Shared", "samples\BeniceSoft.Abp.Sample.Domain.Shared\BeniceSoft.Abp.Sample.Domain.Shared.csproj", "{1687F021-0ACD-A2A7-B073-F99DF95A51CE}"
EndProject
Project("{FAE04EC0-301F-11D3-BF4B-00C04F79EFBC}") = "BeniceSoft.Abp.Sample.Domain", "samples\BeniceSoft.Abp.Sample.Domain\BeniceSoft.Abp.Sample.Domain.csproj", "{D2A93E3C-7F21-B2AD-203E-A680A9B9C4F5}"
EndProject
Project("{FAE04EC0-301F-11D3-BF4B-00C04F79EFBC}") = "BeniceSoft.Abp.Sample.Application.Contracts", "samples\BeniceSoft.Abp.Sample.Application.Contracts\BeniceSoft.Abp.Sample.Application.Contracts.csproj", "{60C6823B-2FE2-223A-F5D7-1FD86818B890}"
EndProject
Project("{FAE04EC0-301F-11D3-BF4B-00C04F79EFBC}") = "BeniceSoft.Abp.Sample.Application", "samples\BeniceSoft.Abp.Sample.Application\BeniceSoft.Abp.Sample.Application.csproj", "{9CB6887F-58A4-2777-E856-81CA13A8A685}"
EndProject
Project("{FAE04EC0-301F-11D3-BF4B-00C04F79EFBC}") = "BeniceSoft.Abp.Ddd.Application", "src\BeniceSoft.Abp.Ddd.Application\BeniceSoft.Abp.Ddd.Application.csproj", "{C0776966-13D1-0602-B01A-AEB65C0BD7C6}"
EndProject
Project("{FAE04EC0-301F-11D3-BF4B-00C04F79EFBC}") = "BeniceSoft.Abp.Ddd.Application.Contracts", "src\BeniceSoft.Abp.Ddd.Application.Contracts\BeniceSoft.Abp.Ddd.Application.Contracts.csproj", "{15D814FA-4DC5-F8D9-F18F-8E488EB7D789}"
EndProject
Project("{FAE04EC0-301F-11D3-BF4B-00C04F79EFBC}") = "BeniceSoft.Abp.Ddd.Domain", "src\BeniceSoft.Abp.Ddd.Domain\BeniceSoft.Abp.Ddd.Domain.csproj", "{2DAE0EA3-FF5C-1F8F-AD5E-2CD1F91F3E38}"
EndProject
Project("{FAE04EC0-301F-11D3-BF4B-00C04F79EFBC}") = "BeniceSoft.Abp.Auth", "src\BeniceSoft.Abp.Auth\BeniceSoft.Abp.Auth.csproj", "{0B606BBA-C1E8-620B-D444-CA9F28DDF3C0}"
EndProject
Project("{FAE04EC0-301F-11D3-BF4B-00C04F79EFBC}") = "BeniceSoft.Abp.Auth.Core", "src\BeniceSoft.Abp.Auth.Core\BeniceSoft.Abp.Auth.Core.csproj", "{498944D9-533B-49A5-A154-06A66E1FED93}"
EndProject
Project("{FAE04EC0-301F-11D3-BF4B-00C04F79EFBC}") = "BeniceSoft.Abp.Auth.EntityFrameworkCore", "src\BeniceSoft.Abp.Auth.EntityFrameworkCore\BeniceSoft.Abp.Auth.EntityFrameworkCore.csproj", "{9AD55161-702B-4A42-7383-2702F67461D1}"
EndProject
Project("{FAE04EC0-301F-11D3-BF4B-00C04F79EFBC}") = "BeniceSoft.Abp.Auth.Repository", "src\BeniceSoft.Abp.Auth.Repository\BeniceSoft.Abp.Auth.Repository.csproj", "{F98BB621-40D0-BB47-D509-A33B1B217C18}"
EndProject
Project("{FAE04EC0-301F-11D3-BF4B-00C04F79EFBC}") = "BeniceSoft.Abp.Core", "src\BeniceSoft.Abp.Core\BeniceSoft.Abp.Core.csproj", "{BC925EC8-FDD5-5DE8-9013-7A32AF2DEE6C}"
EndProject
Project("{FAE04EC0-301F-11D3-BF4B-00C04F79EFBC}") = "BeniceSoft.Abp.AspNetCore", "src\BeniceSoft.Abp.AspNetCore\BeniceSoft.Abp.AspNetCore.csproj", "{E8BFB46E-666B-3409-8E3A-A9F92FBBD575}"
EndProject
Project("{FAE04EC0-301F-11D3-BF4B-00C04F79EFBC}") = "BeniceSoft.Abp.EntityFrameworkCore", "src\BeniceSoft.Abp.EntityFrameworkCore\BeniceSoft.Abp.EntityFrameworkCore.csproj", "{3E2BAE05-C2B5-EF90-B2F8-1D3939FBDF3F}"
EndProject
Project("{FAE04EC0-301F-11D3-BF4B-00C04F79EFBC}") = "BeniceSoft.Abp.Http.Client", "src\BeniceSoft.Abp.Http.Client\BeniceSoft.Abp.Http.Client.csproj", "{E9C55CDB-0E99-F9AB-40D4-0A8A805272E5}"
EndProject
Project("{FAE04EC0-301F-11D3-BF4B-00C04F79EFBC}") = "BeniceSoft.Abp.OperationLogging", "src\BeniceSoft.Abp.OperationLogging\BeniceSoft.Abp.OperationLogging.csproj", "{21BAE573-7B60-0BFD-9F5A-CC352D9FFE1A}"
EndProject
Project("{FAE04EC0-301F-11D3-BF4B-00C04F79EFBC}") = "BeniceSoft.Abp.OperationLogging.Abstractions", "src\BeniceSoft.Abp.OperationLogging.Abstractions\BeniceSoft.Abp.OperationLogging.Abstractions.csproj", "{9211A814-B056-F66A-9E75-489985D56327}"
EndProject
Project("{FAE04EC0-301F-11D3-BF4B-00C04F79EFBC}") = "BeniceSoft.Abp.OperationLogging.EventBus", "src\BeniceSoft.Abp.OperationLogging.EventBus\BeniceSoft.Abp.OperationLogging.EventBus.csproj", "{9B9F6510-FB88-DF6B-65E7-DCE279680017}"
EndProject
Project("{FAE04EC0-301F-11D3-BF4B-00C04F79EFBC}") = "BeniceSoft.Abp.OperationLogging.Redis", "src\BeniceSoft.Abp.OperationLogging.Redis\BeniceSoft.Abp.OperationLogging.Redis.csproj", "{D8B80B44-C0AD-7E92-A201-9F2BC273EB14}"
EndProject
Project("{FAE04EC0-301F-11D3-BF4B-00C04F79EFBC}") = "BeniceSoft.Abp.Extensions.Caching", "src\BeniceSoft.Abp.Extensions.Caching\BeniceSoft.Abp.Extensions.Caching.csproj", "{86EE5E46-3191-1642-E081-87A1AC900B77}"
EndProject
Project("{FAE04EC0-301F-11D3-BF4B-00C04F79EFBC}") = "BeniceSoft.Abp.Extensions.Caching.MessagePack", "src\BeniceSoft.Abp.Extensions.Caching.MessagePack\BeniceSoft.Abp.Extensions.Caching.MessagePack.csproj", "{4B1B6B39-2280-189A-4A46-493AA50D0696}"
EndProject
Project("{FAE04EC0-301F-11D3-BF4B-00C04F79EFBC}") = "BeniceSoft.Abp.Extensions.Caching.SystemTextJson", "src\BeniceSoft.Abp.Extensions.Caching.SystemTextJson\BeniceSoft.Abp.Extensions.Caching.SystemTextJson.csproj", "{038FB3E8-8A5F-097D-BC9B-EF3D13EF5C73}"
EndProject
Project("{FAE04EC0-301F-11D3-BF4B-00C04F79EFBC}") = "BeniceSoft.Abp.Extensions.DistributedLock", "src\BeniceSoft.Abp.Extensions.DistributedLock\BeniceSoft.Abp.Extensions.DistributedLock.csproj", "{DDED2FD5-BE6F-BCCF-1A91-656E94A72557}"
EndProject
Project("{FAE04EC0-301F-11D3-BF4B-00C04F79EFBC}") = "BeniceSoft.Abp.Extensions.DynamicQuery.EfCore", "src\BeniceSoft.Abp.Extensions.DynamicQuery.EfCore\BeniceSoft.Abp.Extensions.DynamicQuery.EfCore.csproj", "{C00F4F41-9E33-10BD-F660-E48A190259AD}"
EndProject
Project("{FAE04EC0-301F-11D3-BF4B-00C04F79EFBC}") = "BeniceSoft.Abp.Extensions.DynamicQuery.Sql", "src\BeniceSoft.Abp.Extensions.DynamicQuery.Sql\BeniceSoft.Abp.Extensions.DynamicQuery.Sql.csproj", "{3E107A4A-E557-DAB1-F9D4-5CCF24C8E5C2}"
EndProject
Project("{FAE04EC0-301F-11D3-BF4B-00C04F79EFBC}") = "BeniceSoft.Core", "src\BeniceSoft.Core\BeniceSoft.Core.csproj", "{8B4A7830-5398-4EB5-6D22-BD8546FCE390}"
EndProject
Project("{2150E333-8FDC-42A3-9474-1A3956D46DE8}") = "Persistence", "Persistence", "{02EA681E-C7D8-13C7-8484-4AC65E1B71E8}"
EndProject
Project("{2150E333-8FDC-42A3-9474-1A3956D46DE8}") = "tests", "tests", "{0AB3BF05-4346-4AA6-1389-037BE0695223}"
EndProject
Project("{FAE04EC0-301F-11D3-BF4B-00C04F79EFBC}") = "BeniceSoft.Abp.Auth.EntityFrameworkCore.Tests", "tests\BeniceSoft.Abp.Auth.EntityFrameworkCore.Tests\BeniceSoft.Abp.Auth.EntityFrameworkCore.Tests.csproj", "{816EA488-7128-4CB6-889C-801854283DB8}"
EndProject
Project("{FAE04EC0-301F-11D3-BF4B-00C04F79EFBC}") = "BeniceSoft.Abp.Extensions.DynamicQuery.EfCore.Tests", "tests\BeniceSoft.Abp.Extensions.DynamicQuery.EfCore.Tests\BeniceSoft.Abp.Extensions.DynamicQuery.EfCore.Tests.csproj", "{E36D9499-48C4-D48C-6667-636E7CBA1D83}"
EndProject
Project("{FAE04EC0-301F-11D3-BF4B-00C04F79EFBC}") = "BeniceSoft.Abp.Extensions.DynamicQuery.Sql.Tests", "tests\BeniceSoft.Abp.Extensions.DynamicQuery.Sql.Tests\BeniceSoft.Abp.Extensions.DynamicQuery.Sql.Tests.csproj", "{2AC8422C-038F-F57A-CBB5-CC2D1BBD926A}"
EndProject
Project("{FAE04EC0-301F-11D3-BF4B-00C04F79EFBC}") = "BeniceSoft.Abp.Extensions.DistributedLock.Tests", "tests\BeniceSoft.Abp.Extensions.DistributedLock.Tests\BeniceSoft.Abp.Extensions.DistributedLock.Tests.csproj", "{07021120-CAFC-6908-A3F7-5F4773609B49}"
EndProject
Project("{FAE04EC0-301F-11D3-BF4B-00C04F79EFBC}") = "BeniceSoft.Abp.Extensions.Caching.Tests", "tests\BeniceSoft.Abp.Extensions.Caching.Tests\BeniceSoft.Abp.Extensions.Caching.Tests.csproj", "{1EEEAEE1-30C4-66E3-FBBA-E583377A4BEE}"
EndProject
Project("{FAE04EC0-301F-11D3-BF4B-00C04F79EFBC}") = "BeniceSoft.Abp.ServiceDiscovery", "src\BeniceSoft.Abp.ServiceDiscovery\BeniceSoft.Abp.ServiceDiscovery.csproj", "{CD6199E0-DB1C-DF0F-6B7C-8934AF9A97DC}"
EndProject
Project("{2150E333-8FDC-42A3-9474-1A3956D46DE8}") = "Solution Items", "Solution Items", "{2BFCE3D5-5637-4CD6-8E99-147C324D25AB}"
	ProjectSection(SolutionItems) = preProject
		common.props = common.props
		Directory.Build.props = Directory.Build.props
		Directory.Packages.props = Directory.Packages.props
		docs\GRPC-SDK-ARCHITECTURE.md = docs\GRPC-SDK-ARCHITECTURE.md
		NuGet.Config = NuGet.Config
		README.md = README.md
		docs\分库分表使用指南.md = docs\分库分表使用指南.md
	EndProjectSection
EndProject
Project("{FAE04EC0-301F-11D3-BF4B-00C04F79EFBC}") = "BeniceSoft.Abp.Extensions.Redis", "src\BeniceSoft.Abp.Extensions.Redis\BeniceSoft.Abp.Extensions.Redis.csproj", "{5D96DA2E-C5FD-52A9-A75D-154108E2566F}"
EndProject
Project("{FAE04EC0-301F-11D3-BF4B-00C04F79EFBC}") = "BeniceSoft.Abp.Swagger", "src\BeniceSoft.Abp.Swagger\BeniceSoft.Abp.Swagger.csproj", "{2E7E6256-D153-8883-81AF-0BAF250FD469}"
EndProject
Project("{FAE04EC0-301F-11D3-BF4B-00C04F79EFBC}") = "BeniceSoft.Abp.Extensions.RateLimiting", "src\BeniceSoft.Abp.Extensions.RateLimiting\BeniceSoft.Abp.Extensions.RateLimiting.csproj", "{6FFCC23F-3FFB-DB81-1BF0-FB8C6A6C009B}"
EndProject
Project("{FAE04EC0-301F-11D3-BF4B-00C04F79EFBC}") = "BeniceSoft.Abp.Extensions.RateLimiting.Abstractions", "src\BeniceSoft.Abp.Extensions.RateLimiting.Abstractions\BeniceSoft.Abp.Extensions.RateLimiting.Abstractions.csproj", "{E42FA38B-4F40-63B3-11BC-9962B91882B6}"
EndProject
Project("{FAE04EC0-301F-11D3-BF4B-00C04F79EFBC}") = "BeniceSoft.Abp.Extensions.RateLimiting.Tests", "tests\BeniceSoft.Abp.Extensions.RateLimiting.Tests\BeniceSoft.Abp.Extensions.RateLimiting.Tests.csproj", "{408CB485-5173-5B7E-A7D7-F0C03A34DA67}"
EndProject
Project("{FAE04EC0-301F-11D3-BF4B-00C04F79EFBC}") = "BeniceSoft.Abp.OperationLogging.Tests", "tests\BeniceSoft.Abp.OperationLogging.Tests\BeniceSoft.Abp.OperationLogging.Tests.csproj", "{6C0F2BF4-1446-4DED-A801-FE2EF77C19B7}"
EndProject
Project("{FAE04EC0-301F-11D3-BF4B-00C04F79EFBC}") = "BeniceSoft.Abp.Extensions.AuditTrail.Abstractions", "src\BeniceSoft.Abp.Extensions.AuditTrail.Abstractions\BeniceSoft.Abp.Extensions.AuditTrail.Abstractions.csproj", "{DE0C9DE4-CBE6-4340-A900-E02205455215}"
EndProject
Project("{FAE04EC0-301F-11D3-BF4B-00C04F79EFBC}") = "BeniceSoft.Abp.Extensions.AuditTrail.Tests", "tests\BeniceSoft.Abp.Extensions.AuditTrail.Tests\BeniceSoft.Abp.Extensions.AuditTrail.Tests.csproj", "{1D817C78-45CC-4EE2-89D0-71DB462C7652}"
EndProject
Project("{FAE04EC0-301F-11D3-BF4B-00C04F79EFBC}") = "BeniceSoft.Abp.Extensions.AuditTrail.EventBus", "src\BeniceSoft.Abp.Extensions.AuditTrail.EventBus\BeniceSoft.Abp.Extensions.AuditTrail.EventBus.csproj", "{2DD8BD49-4486-4700-A295-0B3399B06514}"
EndProject
Project("{2150E333-8FDC-42A3-9474-1A3956D46DE8}") = "Eventbus", "Eventbus", "{51D6F2C2-62F0-4E2D-A5B5-07C231828498}"
EndProject
Project("{FAE04EC0-301F-11D3-BF4B-00C04F79EFBC}") = "BeniceSoft.Abp.EventBus.Dtm.EntityFrameworkCore", "src\BeniceSoft.Abp.EventBus.Dtm.EntityFrameworkCore\BeniceSoft.Abp.EventBus.Dtm.EntityFrameworkCore.csproj", "{4B1B3DB6-5882-4D5F-9BD9-CD4376014EC9}"
EndProject
Project("{FAE04EC0-301F-11D3-BF4B-00C04F79EFBC}") = "BeniceSoft.Abp.EventBus.Dtm", "src\BeniceSoft.Abp.EventBus.Dtm\BeniceSoft.Abp.EventBus.Dtm.csproj", "{2D59629C-E020-4CBC-8D28-967659F99CDC}"
EndProject
Project("{FAE04EC0-301F-11D3-BF4B-00C04F79EFBC}") = "BeniceSoft.Abp.EventBus.Dtm.Http", "src\BeniceSoft.Abp.EventBus.Dtm.Http\BeniceSoft.Abp.EventBus.Dtm.Http.csproj", "{8F9A209B-F656-4949-A2D3-0CD1DB369476}"
EndProject
Project("{FAE04EC0-301F-11D3-BF4B-00C04F79EFBC}") = "BeniceSoft.Abp.Extensions.Caching.Abstractions", "src\BeniceSoft.Abp.Extensions.Caching.Abstractions\BeniceSoft.Abp.Extensions.Caching.Abstractions.csproj", "{61CF9BB2-C213-554B-21BC-FAF8B0812E02}"
EndProject
Project("{FAE04EC0-301F-11D3-BF4B-00C04F79EFBC}") = "BeniceSoft.Abp.Extensions.DistributedLock.Abstractions", "src\BeniceSoft.Abp.Extensions.DistributedLock.Abstractions\BeniceSoft.Abp.Extensions.DistributedLock.Abstractions.csproj", "{C05DDB77-793B-547F-7493-FDD374AD72B4}"
EndProject
Project("{FAE04EC0-301F-11D3-BF4B-00C04F79EFBC}") = "BeniceSoft.Abp.Extensions.Emailing", "src\BeniceSoft.Abp.Extensions.Emailing\BeniceSoft.Abp.Extensions.Emailing.csproj", "{6CA09A80-5972-4B70-B664-F52E0E817901}"
EndProject
Project("{FAE04EC0-301F-11D3-BF4B-00C04F79EFBC}") = "BeniceSoft.Abp.Extensions.RabbitMQ", "src\BeniceSoft.Abp.Extensions.RabbitMQ\BeniceSoft.Abp.Extensions.RabbitMQ.csproj", "{5A2F521A-B509-4A06-8446-F8A9C65F17D9}"
EndProject
Project("{FAE04EC0-301F-11D3-BF4B-00C04F79EFBC}") = "BeniceSoft.Abp.Extensions.RabbitMQ.Tests", "tests\BeniceSoft.Abp.Extensions.RabbitMQ.Tests\BeniceSoft.Abp.Extensions.RabbitMQ.Tests.csproj", "{E77E1463-FF41-4CC9-87E8-D7F7DCE195C1}"
EndProject
Project("{FAE04EC0-301F-11D3-BF4B-00C04F79EFBC}") = "BeniceSoft.Office.Excel", "src\BeniceSoft.Office.Excel\BeniceSoft.Office.Excel.csproj", "{85732AAF-9567-4C96-A205-0344B04D0AC4}"
EndProject
Project("{FAE04EC0-301F-11D3-BF4B-00C04F79EFBC}") = "BeniceSoft.Office.Pdf", "src\BeniceSoft.Office.Pdf\BeniceSoft.Office.Pdf.csproj", "{2A0476BF-F2E8-4533-A24C-FE51CC366499}"
EndProject
Project("{FAE04EC0-301F-11D3-BF4B-00C04F79EFBC}") = "BeniceSoft.Abp.EntityFrameworkCore.SqlServer", "src\BeniceSoft.Abp.EntityFrameworkCore.SqlServer\BeniceSoft.Abp.EntityFrameworkCore.SqlServer.csproj", "{24FBA6D7-E485-4FD9-A8AB-BF2F3DC7A827}"
EndProject
Project("{FAE04EC0-301F-11D3-BF4B-00C04F79EFBC}") = "BeniceSoft.Abp.EntityFrameworkCore.PostgreSql", "src\BeniceSoft.Abp.EntityFrameworkCore.PostgreSql\BeniceSoft.Abp.EntityFrameworkCore.PostgreSql.csproj", "{43EA0D6C-8BEF-4DFE-BF78-F4A5FCFD5A72}"
EndProject
Project("{FAE04EC0-301F-11D3-BF4B-00C04F79EFBC}") = "BeniceSoft.Abp.Sample.Tests", "tests\BeniceSoft.Abp.Sample.Tests\BeniceSoft.Abp.Sample.Tests.csproj", "{08C3A9E6-D581-428F-94CB-C5ED41AEACC6}"
EndProject
Project("{FAE04EC0-301F-11D3-BF4B-00C04F79EFBC}") = "BeniceSoft.Core.Tests", "tests\BeniceSoft.Core.Tests\BeniceSoft.Core.Tests.csproj", "{0BEBAAA0-42C2-4FA8-B518-D2D5BB4F07A5}"
EndProject
Project("{FAE04EC0-301F-11D3-BF4B-00C04F79EFBC}") = "BeniceSoft.Abp.EntityFrameworkCore.Sharding", "src\BeniceSoft.Abp.EntityFrameworkCore.Sharding\BeniceSoft.Abp.EntityFrameworkCore.Sharding.csproj", "{4CA9A053-B4BA-402D-A292-2B4F7C6EC4E8}"
EndProject
Project("{FAE04EC0-301F-11D3-BF4B-00C04F79EFBC}") = "BeniceSoft.Abp.EntityFrameworkCore.Sharding.Tests", "tests\BeniceSoft.Abp.EntityFrameworkCore.Sharding.Tests\BeniceSoft.Abp.EntityFrameworkCore.Sharding.Tests.csproj", "{0537DCFF-F616-4C4A-B1A2-ADC5556BAF85}"
EndProject
Project("{FAE04EC0-301F-11D3-BF4B-00C04F79EFBC}") = "BeniceSoft.Abp.MultiTenancy", "src\BeniceSoft.Abp.MultiTenancy\BeniceSoft.Abp.MultiTenancy.csproj", "{F30503D2-F276-42A5-AD6C-A94C4CADAA00}"
EndProject
Project("{2150E333-8FDC-42A3-9474-1A3956D46DE8}") = "remote-service", "remote-service", "{80E6EC68-8F0E-4CA6-A066-C4E41552B136}"
EndProject
Project("{FAE04EC0-301F-11D3-BF4B-00C04F79EFBC}") = "BeniceSoft.Abp.Sample.RemoteService.Abstractions", "samples\BeniceSoft.Abp.Sample.RemoteService.Abstractions\BeniceSoft.Abp.Sample.RemoteService.Abstractions.csproj", "{4C0E704C-DA29-40BF-8233-29ABD0AB3C61}"
EndProject
Project("{FAE04EC0-301F-11D3-BF4B-00C04F79EFBC}") = "BeniceSoft.Abp.Sample.RemoteService.Implements", "samples\BeniceSoft.Abp.Sample.RemoteService.Implements\BeniceSoft.Abp.Sample.RemoteService.Implements.csproj", "{CE74CC74-83E1-458C-8C26-78754469D27F}"
EndProject
Global
	GlobalSection(SolutionConfigurationPlatforms) = preSolution
		Debug|Any CPU = Debug|Any CPU
		Debug|x64 = Debug|x64
		Debug|x86 = Debug|x86
		Release|Any CPU = Release|Any CPU
		Release|x64 = Release|x64
		Release|x86 = Release|x86
	EndGlobalSection
	GlobalSection(ProjectConfigurationPlatforms) = postSolution
		{CDE5259C-9880-9DE5-1266-C3E44DE6606C}.Debug|Any CPU.ActiveCfg = Debug|Any CPU
		{CDE5259C-9880-9DE5-1266-C3E44DE6606C}.Debug|Any CPU.Build.0 = Debug|Any CPU
		{CDE5259C-9880-9DE5-1266-C3E44DE6606C}.Debug|x64.ActiveCfg = Debug|Any CPU
		{CDE5259C-9880-9DE5-1266-C3E44DE6606C}.Debug|x64.Build.0 = Debug|Any CPU
		{CDE5259C-9880-9DE5-1266-C3E44DE6606C}.Debug|x86.ActiveCfg = Debug|Any CPU
		{CDE5259C-9880-9DE5-1266-C3E44DE6606C}.Debug|x86.Build.0 = Debug|Any CPU
		{CDE5259C-9880-9DE5-1266-C3E44DE6606C}.Release|Any CPU.ActiveCfg = Release|Any CPU
		{CDE5259C-9880-9DE5-1266-C3E44DE6606C}.Release|Any CPU.Build.0 = Release|Any CPU
		{CDE5259C-9880-9DE5-1266-C3E44DE6606C}.Release|x64.ActiveCfg = Release|Any CPU
		{CDE5259C-9880-9DE5-1266-C3E44DE6606C}.Release|x64.Build.0 = Release|Any CPU
		{CDE5259C-9880-9DE5-1266-C3E44DE6606C}.Release|x86.ActiveCfg = Release|Any CPU
		{CDE5259C-9880-9DE5-1266-C3E44DE6606C}.Release|x86.Build.0 = Release|Any CPU
		{18BCB605-BF35-4BAA-180A-12A228EE75FD}.Debug|Any CPU.ActiveCfg = Debug|Any CPU
		{18BCB605-BF35-4BAA-180A-12A228EE75FD}.Debug|Any CPU.Build.0 = Debug|Any CPU
		{18BCB605-BF35-4BAA-180A-12A228EE75FD}.Debug|x64.ActiveCfg = Debug|Any CPU
		{18BCB605-BF35-4BAA-180A-12A228EE75FD}.Debug|x64.Build.0 = Debug|Any CPU
		{18BCB605-BF35-4BAA-180A-12A228EE75FD}.Debug|x86.ActiveCfg = Debug|Any CPU
		{18BCB605-BF35-4BAA-180A-12A228EE75FD}.Debug|x86.Build.0 = Debug|Any CPU
		{18BCB605-BF35-4BAA-180A-12A228EE75FD}.Release|Any CPU.ActiveCfg = Release|Any CPU
		{18BCB605-BF35-4BAA-180A-12A228EE75FD}.Release|Any CPU.Build.0 = Release|Any CPU
		{18BCB605-BF35-4BAA-180A-12A228EE75FD}.Release|x64.ActiveCfg = Release|Any CPU
		{18BCB605-BF35-4BAA-180A-12A228EE75FD}.Release|x64.Build.0 = Release|Any CPU
		{18BCB605-BF35-4BAA-180A-12A228EE75FD}.Release|x86.ActiveCfg = Release|Any CPU
		{18BCB605-BF35-4BAA-180A-12A228EE75FD}.Release|x86.Build.0 = Release|Any CPU
		{1687F021-0ACD-A2A7-B073-F99DF95A51CE}.Debug|Any CPU.ActiveCfg = Debug|Any CPU
		{1687F021-0ACD-A2A7-B073-F99DF95A51CE}.Debug|Any CPU.Build.0 = Debug|Any CPU
		{1687F021-0ACD-A2A7-B073-F99DF95A51CE}.Debug|x64.ActiveCfg = Debug|Any CPU
		{1687F021-0ACD-A2A7-B073-F99DF95A51CE}.Debug|x64.Build.0 = Debug|Any CPU
		{1687F021-0ACD-A2A7-B073-F99DF95A51CE}.Debug|x86.ActiveCfg = Debug|Any CPU
		{1687F021-0ACD-A2A7-B073-F99DF95A51CE}.Debug|x86.Build.0 = Debug|Any CPU
		{1687F021-0ACD-A2A7-B073-F99DF95A51CE}.Release|Any CPU.ActiveCfg = Release|Any CPU
		{1687F021-0ACD-A2A7-B073-F99DF95A51CE}.Release|Any CPU.Build.0 = Release|Any CPU
		{1687F021-0ACD-A2A7-B073-F99DF95A51CE}.Release|x64.ActiveCfg = Release|Any CPU
		{1687F021-0ACD-A2A7-B073-F99DF95A51CE}.Release|x64.Build.0 = Release|Any CPU
		{1687F021-0ACD-A2A7-B073-F99DF95A51CE}.Release|x86.ActiveCfg = Release|Any CPU
		{1687F021-0ACD-A2A7-B073-F99DF95A51CE}.Release|x86.Build.0 = Release|Any CPU
		{D2A93E3C-7F21-B2AD-203E-A680A9B9C4F5}.Debug|Any CPU.ActiveCfg = Debug|Any CPU
		{D2A93E3C-7F21-B2AD-203E-A680A9B9C4F5}.Debug|Any CPU.Build.0 = Debug|Any CPU
		{D2A93E3C-7F21-B2AD-203E-A680A9B9C4F5}.Debug|x64.ActiveCfg = Debug|Any CPU
		{D2A93E3C-7F21-B2AD-203E-A680A9B9C4F5}.Debug|x64.Build.0 = Debug|Any CPU
		{D2A93E3C-7F21-B2AD-203E-A680A9B9C4F5}.Debug|x86.ActiveCfg = Debug|Any CPU
		{D2A93E3C-7F21-B2AD-203E-A680A9B9C4F5}.Debug|x86.Build.0 = Debug|Any CPU
		{D2A93E3C-7F21-B2AD-203E-A680A9B9C4F5}.Release|Any CPU.ActiveCfg = Release|Any CPU
		{D2A93E3C-7F21-B2AD-203E-A680A9B9C4F5}.Release|Any CPU.Build.0 = Release|Any CPU
		{D2A93E3C-7F21-B2AD-203E-A680A9B9C4F5}.Release|x64.ActiveCfg = Release|Any CPU
		{D2A93E3C-7F21-B2AD-203E-A680A9B9C4F5}.Release|x64.Build.0 = Release|Any CPU
		{D2A93E3C-7F21-B2AD-203E-A680A9B9C4F5}.Release|x86.ActiveCfg = Release|Any CPU
		{D2A93E3C-7F21-B2AD-203E-A680A9B9C4F5}.Release|x86.Build.0 = Release|Any CPU
		{60C6823B-2FE2-223A-F5D7-1FD86818B890}.Debug|Any CPU.ActiveCfg = Debug|Any CPU
		{60C6823B-2FE2-223A-F5D7-1FD86818B890}.Debug|Any CPU.Build.0 = Debug|Any CPU
		{60C6823B-2FE2-223A-F5D7-1FD86818B890}.Debug|x64.ActiveCfg = Debug|Any CPU
		{60C6823B-2FE2-223A-F5D7-1FD86818B890}.Debug|x64.Build.0 = Debug|Any CPU
		{60C6823B-2FE2-223A-F5D7-1FD86818B890}.Debug|x86.ActiveCfg = Debug|Any CPU
		{60C6823B-2FE2-223A-F5D7-1FD86818B890}.Debug|x86.Build.0 = Debug|Any CPU
		{60C6823B-2FE2-223A-F5D7-1FD86818B890}.Release|Any CPU.ActiveCfg = Release|Any CPU
		{60C6823B-2FE2-223A-F5D7-1FD86818B890}.Release|Any CPU.Build.0 = Release|Any CPU
		{60C6823B-2FE2-223A-F5D7-1FD86818B890}.Release|x64.ActiveCfg = Release|Any CPU
		{60C6823B-2FE2-223A-F5D7-1FD86818B890}.Release|x64.Build.0 = Release|Any CPU
		{60C6823B-2FE2-223A-F5D7-1FD86818B890}.Release|x86.ActiveCfg = Release|Any CPU
		{60C6823B-2FE2-223A-F5D7-1FD86818B890}.Release|x86.Build.0 = Release|Any CPU
		{9CB6887F-58A4-2777-E856-81CA13A8A685}.Debug|Any CPU.ActiveCfg = Debug|Any CPU
		{9CB6887F-58A4-2777-E856-81CA13A8A685}.Debug|Any CPU.Build.0 = Debug|Any CPU
		{9CB6887F-58A4-2777-E856-81CA13A8A685}.Debug|x64.ActiveCfg = Debug|Any CPU
		{9CB6887F-58A4-2777-E856-81CA13A8A685}.Debug|x64.Build.0 = Debug|Any CPU
		{9CB6887F-58A4-2777-E856-81CA13A8A685}.Debug|x86.ActiveCfg = Debug|Any CPU
		{9CB6887F-58A4-2777-E856-81CA13A8A685}.Debug|x86.Build.0 = Debug|Any CPU
		{9CB6887F-58A4-2777-E856-81CA13A8A685}.Release|Any CPU.ActiveCfg = Release|Any CPU
		{9CB6887F-58A4-2777-E856-81CA13A8A685}.Release|Any CPU.Build.0 = Release|Any CPU
		{9CB6887F-58A4-2777-E856-81CA13A8A685}.Release|x64.ActiveCfg = Release|Any CPU
		{9CB6887F-58A4-2777-E856-81CA13A8A685}.Release|x64.Build.0 = Release|Any CPU
		{9CB6887F-58A4-2777-E856-81CA13A8A685}.Release|x86.ActiveCfg = Release|Any CPU
		{9CB6887F-58A4-2777-E856-81CA13A8A685}.Release|x86.Build.0 = Release|Any CPU
		{C0776966-13D1-0602-B01A-AEB65C0BD7C6}.Debug|Any CPU.ActiveCfg = Debug|Any CPU
		{C0776966-13D1-0602-B01A-AEB65C0BD7C6}.Debug|Any CPU.Build.0 = Debug|Any CPU
		{C0776966-13D1-0602-B01A-AEB65C0BD7C6}.Debug|x64.ActiveCfg = Debug|Any CPU
		{C0776966-13D1-0602-B01A-AEB65C0BD7C6}.Debug|x64.Build.0 = Debug|Any CPU
		{C0776966-13D1-0602-B01A-AEB65C0BD7C6}.Debug|x86.ActiveCfg = Debug|Any CPU
		{C0776966-13D1-0602-B01A-AEB65C0BD7C6}.Debug|x86.Build.0 = Debug|Any CPU
		{C0776966-13D1-0602-B01A-AEB65C0BD7C6}.Release|Any CPU.ActiveCfg = Release|Any CPU
		{C0776966-13D1-0602-B01A-AEB65C0BD7C6}.Release|Any CPU.Build.0 = Release|Any CPU
		{C0776966-13D1-0602-B01A-AEB65C0BD7C6}.Release|x64.ActiveCfg = Release|Any CPU
		{C0776966-13D1-0602-B01A-AEB65C0BD7C6}.Release|x64.Build.0 = Release|Any CPU
		{C0776966-13D1-0602-B01A-AEB65C0BD7C6}.Release|x86.ActiveCfg = Release|Any CPU
		{C0776966-13D1-0602-B01A-AEB65C0BD7C6}.Release|x86.Build.0 = Release|Any CPU
		{15D814FA-4DC5-F8D9-F18F-8E488EB7D789}.Debug|Any CPU.ActiveCfg = Debug|Any CPU
		{15D814FA-4DC5-F8D9-F18F-8E488EB7D789}.Debug|Any CPU.Build.0 = Debug|Any CPU
		{15D814FA-4DC5-F8D9-F18F-8E488EB7D789}.Debug|x64.ActiveCfg = Debug|Any CPU
		{15D814FA-4DC5-F8D9-F18F-8E488EB7D789}.Debug|x64.Build.0 = Debug|Any CPU
		{15D814FA-4DC5-F8D9-F18F-8E488EB7D789}.Debug|x86.ActiveCfg = Debug|Any CPU
		{15D814FA-4DC5-F8D9-F18F-8E488EB7D789}.Debug|x86.Build.0 = Debug|Any CPU
		{15D814FA-4DC5-F8D9-F18F-8E488EB7D789}.Release|Any CPU.ActiveCfg = Release|Any CPU
		{15D814FA-4DC5-F8D9-F18F-8E488EB7D789}.Release|Any CPU.Build.0 = Release|Any CPU
		{15D814FA-4DC5-F8D9-F18F-8E488EB7D789}.Release|x64.ActiveCfg = Release|Any CPU
		{15D814FA-4DC5-F8D9-F18F-8E488EB7D789}.Release|x64.Build.0 = Release|Any CPU
		{15D814FA-4DC5-F8D9-F18F-8E488EB7D789}.Release|x86.ActiveCfg = Release|Any CPU
		{15D814FA-4DC5-F8D9-F18F-8E488EB7D789}.Release|x86.Build.0 = Release|Any CPU
		{2DAE0EA3-FF5C-1F8F-AD5E-2CD1F91F3E38}.Debug|Any CPU.ActiveCfg = Debug|Any CPU
		{2DAE0EA3-FF5C-1F8F-AD5E-2CD1F91F3E38}.Debug|Any CPU.Build.0 = Debug|Any CPU
		{2DAE0EA3-FF5C-1F8F-AD5E-2CD1F91F3E38}.Debug|x64.ActiveCfg = Debug|Any CPU
		{2DAE0EA3-FF5C-1F8F-AD5E-2CD1F91F3E38}.Debug|x64.Build.0 = Debug|Any CPU
		{2DAE0EA3-FF5C-1F8F-AD5E-2CD1F91F3E38}.Debug|x86.ActiveCfg = Debug|Any CPU
		{2DAE0EA3-FF5C-1F8F-AD5E-2CD1F91F3E38}.Debug|x86.Build.0 = Debug|Any CPU
		{2DAE0EA3-FF5C-1F8F-AD5E-2CD1F91F3E38}.Release|Any CPU.ActiveCfg = Release|Any CPU
		{2DAE0EA3-FF5C-1F8F-AD5E-2CD1F91F3E38}.Release|Any CPU.Build.0 = Release|Any CPU
		{2DAE0EA3-FF5C-1F8F-AD5E-2CD1F91F3E38}.Release|x64.ActiveCfg = Release|Any CPU
		{2DAE0EA3-FF5C-1F8F-AD5E-2CD1F91F3E38}.Release|x64.Build.0 = Release|Any CPU
		{2DAE0EA3-FF5C-1F8F-AD5E-2CD1F91F3E38}.Release|x86.ActiveCfg = Release|Any CPU
		{2DAE0EA3-FF5C-1F8F-AD5E-2CD1F91F3E38}.Release|x86.Build.0 = Release|Any CPU
		{0B606BBA-C1E8-620B-D444-CA9F28DDF3C0}.Debug|Any CPU.ActiveCfg = Debug|Any CPU
		{0B606BBA-C1E8-620B-D444-CA9F28DDF3C0}.Debug|Any CPU.Build.0 = Debug|Any CPU
		{0B606BBA-C1E8-620B-D444-CA9F28DDF3C0}.Debug|x64.ActiveCfg = Debug|Any CPU
		{0B606BBA-C1E8-620B-D444-CA9F28DDF3C0}.Debug|x64.Build.0 = Debug|Any CPU
		{0B606BBA-C1E8-620B-D444-CA9F28DDF3C0}.Debug|x86.ActiveCfg = Debug|Any CPU
		{0B606BBA-C1E8-620B-D444-CA9F28DDF3C0}.Debug|x86.Build.0 = Debug|Any CPU
		{0B606BBA-C1E8-620B-D444-CA9F28DDF3C0}.Release|Any CPU.ActiveCfg = Release|Any CPU
		{0B606BBA-C1E8-620B-D444-CA9F28DDF3C0}.Release|Any CPU.Build.0 = Release|Any CPU
		{0B606BBA-C1E8-620B-D444-CA9F28DDF3C0}.Release|x64.ActiveCfg = Release|Any CPU
		{0B606BBA-C1E8-620B-D444-CA9F28DDF3C0}.Release|x64.Build.0 = Release|Any CPU
		{0B606BBA-C1E8-620B-D444-CA9F28DDF3C0}.Release|x86.ActiveCfg = Release|Any CPU
		{0B606BBA-C1E8-620B-D444-CA9F28DDF3C0}.Release|x86.Build.0 = Release|Any CPU
		{498944D9-533B-49A5-A154-06A66E1FED93}.Debug|Any CPU.ActiveCfg = Debug|Any CPU
		{498944D9-533B-49A5-A154-06A66E1FED93}.Debug|Any CPU.Build.0 = Debug|Any CPU
		{498944D9-533B-49A5-A154-06A66E1FED93}.Debug|x64.ActiveCfg = Debug|Any CPU
		{498944D9-533B-49A5-A154-06A66E1FED93}.Debug|x64.Build.0 = Debug|Any CPU
		{498944D9-533B-49A5-A154-06A66E1FED93}.Debug|x86.ActiveCfg = Debug|Any CPU
		{498944D9-533B-49A5-A154-06A66E1FED93}.Debug|x86.Build.0 = Debug|Any CPU
		{498944D9-533B-49A5-A154-06A66E1FED93}.Release|Any CPU.ActiveCfg = Release|Any CPU
		{498944D9-533B-49A5-A154-06A66E1FED93}.Release|Any CPU.Build.0 = Release|Any CPU
		{498944D9-533B-49A5-A154-06A66E1FED93}.Release|x64.ActiveCfg = Release|Any CPU
		{498944D9-533B-49A5-A154-06A66E1FED93}.Release|x64.Build.0 = Release|Any CPU
		{498944D9-533B-49A5-A154-06A66E1FED93}.Release|x86.ActiveCfg = Release|Any CPU
		{498944D9-533B-49A5-A154-06A66E1FED93}.Release|x86.Build.0 = Release|Any CPU
		{9AD55161-702B-4A42-7383-2702F67461D1}.Debug|Any CPU.ActiveCfg = Debug|Any CPU
		{9AD55161-702B-4A42-7383-2702F67461D1}.Debug|Any CPU.Build.0 = Debug|Any CPU
		{9AD55161-702B-4A42-7383-2702F67461D1}.Debug|x64.ActiveCfg = Debug|Any CPU
		{9AD55161-702B-4A42-7383-2702F67461D1}.Debug|x64.Build.0 = Debug|Any CPU
		{9AD55161-702B-4A42-7383-2702F67461D1}.Debug|x86.ActiveCfg = Debug|Any CPU
		{9AD55161-702B-4A42-7383-2702F67461D1}.Debug|x86.Build.0 = Debug|Any CPU
		{9AD55161-702B-4A42-7383-2702F67461D1}.Release|Any CPU.ActiveCfg = Release|Any CPU
		{9AD55161-702B-4A42-7383-2702F67461D1}.Release|Any CPU.Build.0 = Release|Any CPU
		{9AD55161-702B-4A42-7383-2702F67461D1}.Release|x64.ActiveCfg = Release|Any CPU
		{9AD55161-702B-4A42-7383-2702F67461D1}.Release|x64.Build.0 = Release|Any CPU
		{9AD55161-702B-4A42-7383-2702F67461D1}.Release|x86.ActiveCfg = Release|Any CPU
		{9AD55161-702B-4A42-7383-2702F67461D1}.Release|x86.Build.0 = Release|Any CPU
		{F98BB621-40D0-BB47-D509-A33B1B217C18}.Debug|Any CPU.ActiveCfg = Debug|Any CPU
		{F98BB621-40D0-BB47-D509-A33B1B217C18}.Debug|Any CPU.Build.0 = Debug|Any CPU
		{F98BB621-40D0-BB47-D509-A33B1B217C18}.Debug|x64.ActiveCfg = Debug|Any CPU
		{F98BB621-40D0-BB47-D509-A33B1B217C18}.Debug|x64.Build.0 = Debug|Any CPU
		{F98BB621-40D0-BB47-D509-A33B1B217C18}.Debug|x86.ActiveCfg = Debug|Any CPU
		{F98BB621-40D0-BB47-D509-A33B1B217C18}.Debug|x86.Build.0 = Debug|Any CPU
		{F98BB621-40D0-BB47-D509-A33B1B217C18}.Release|Any CPU.ActiveCfg = Release|Any CPU
		{F98BB621-40D0-BB47-D509-A33B1B217C18}.Release|Any CPU.Build.0 = Release|Any CPU
		{F98BB621-40D0-BB47-D509-A33B1B217C18}.Release|x64.ActiveCfg = Release|Any CPU
		{F98BB621-40D0-BB47-D509-A33B1B217C18}.Release|x64.Build.0 = Release|Any CPU
		{F98BB621-40D0-BB47-D509-A33B1B217C18}.Release|x86.ActiveCfg = Release|Any CPU
		{F98BB621-40D0-BB47-D509-A33B1B217C18}.Release|x86.Build.0 = Release|Any CPU
		{BC925EC8-FDD5-5DE8-9013-7A32AF2DEE6C}.Debug|Any CPU.ActiveCfg = Debug|Any CPU
		{BC925EC8-FDD5-5DE8-9013-7A32AF2DEE6C}.Debug|Any CPU.Build.0 = Debug|Any CPU
		{BC925EC8-FDD5-5DE8-9013-7A32AF2DEE6C}.Debug|x64.ActiveCfg = Debug|Any CPU
		{BC925EC8-FDD5-5DE8-9013-7A32AF2DEE6C}.Debug|x64.Build.0 = Debug|Any CPU
		{BC925EC8-FDD5-5DE8-9013-7A32AF2DEE6C}.Debug|x86.ActiveCfg = Debug|Any CPU
		{BC925EC8-FDD5-5DE8-9013-7A32AF2DEE6C}.Debug|x86.Build.0 = Debug|Any CPU
		{BC925EC8-FDD5-5DE8-9013-7A32AF2DEE6C}.Release|Any CPU.ActiveCfg = Release|Any CPU
		{BC925EC8-FDD5-5DE8-9013-7A32AF2DEE6C}.Release|Any CPU.Build.0 = Release|Any CPU
		{BC925EC8-FDD5-5DE8-9013-7A32AF2DEE6C}.Release|x64.ActiveCfg = Release|Any CPU
		{BC925EC8-FDD5-5DE8-9013-7A32AF2DEE6C}.Release|x64.Build.0 = Release|Any CPU
		{BC925EC8-FDD5-5DE8-9013-7A32AF2DEE6C}.Release|x86.ActiveCfg = Release|Any CPU
		{BC925EC8-FDD5-5DE8-9013-7A32AF2DEE6C}.Release|x86.Build.0 = Release|Any CPU
		{E8BFB46E-666B-3409-8E3A-A9F92FBBD575}.Debug|Any CPU.ActiveCfg = Debug|Any CPU
		{E8BFB46E-666B-3409-8E3A-A9F92FBBD575}.Debug|Any CPU.Build.0 = Debug|Any CPU
		{E8BFB46E-666B-3409-8E3A-A9F92FBBD575}.Debug|x64.ActiveCfg = Debug|Any CPU
		{E8BFB46E-666B-3409-8E3A-A9F92FBBD575}.Debug|x64.Build.0 = Debug|Any CPU
		{E8BFB46E-666B-3409-8E3A-A9F92FBBD575}.Debug|x86.ActiveCfg = Debug|Any CPU
		{E8BFB46E-666B-3409-8E3A-A9F92FBBD575}.Debug|x86.Build.0 = Debug|Any CPU
		{E8BFB46E-666B-3409-8E3A-A9F92FBBD575}.Release|Any CPU.ActiveCfg = Release|Any CPU
		{E8BFB46E-666B-3409-8E3A-A9F92FBBD575}.Release|Any CPU.Build.0 = Release|Any CPU
		{E8BFB46E-666B-3409-8E3A-A9F92FBBD575}.Release|x64.ActiveCfg = Release|Any CPU
		{E8BFB46E-666B-3409-8E3A-A9F92FBBD575}.Release|x64.Build.0 = Release|Any CPU
		{E8BFB46E-666B-3409-8E3A-A9F92FBBD575}.Release|x86.ActiveCfg = Release|Any CPU
		{E8BFB46E-666B-3409-8E3A-A9F92FBBD575}.Release|x86.Build.0 = Release|Any CPU
		{3E2BAE05-C2B5-EF90-B2F8-1D3939FBDF3F}.Debug|Any CPU.ActiveCfg = Debug|Any CPU
		{3E2BAE05-C2B5-EF90-B2F8-1D3939FBDF3F}.Debug|Any CPU.Build.0 = Debug|Any CPU
		{3E2BAE05-C2B5-EF90-B2F8-1D3939FBDF3F}.Debug|x64.ActiveCfg = Debug|Any CPU
		{3E2BAE05-C2B5-EF90-B2F8-1D3939FBDF3F}.Debug|x64.Build.0 = Debug|Any CPU
		{3E2BAE05-C2B5-EF90-B2F8-1D3939FBDF3F}.Debug|x86.ActiveCfg = Debug|Any CPU
		{3E2BAE05-C2B5-EF90-B2F8-1D3939FBDF3F}.Debug|x86.Build.0 = Debug|Any CPU
		{3E2BAE05-C2B5-EF90-B2F8-1D3939FBDF3F}.Release|Any CPU.ActiveCfg = Release|Any CPU
		{3E2BAE05-C2B5-EF90-B2F8-1D3939FBDF3F}.Release|Any CPU.Build.0 = Release|Any CPU
		{3E2BAE05-C2B5-EF90-B2F8-1D3939FBDF3F}.Release|x64.ActiveCfg = Release|Any CPU
		{3E2BAE05-C2B5-EF90-B2F8-1D3939FBDF3F}.Release|x64.Build.0 = Release|Any CPU
		{3E2BAE05-C2B5-EF90-B2F8-1D3939FBDF3F}.Release|x86.ActiveCfg = Release|Any CPU
		{3E2BAE05-C2B5-EF90-B2F8-1D3939FBDF3F}.Release|x86.Build.0 = Release|Any CPU
		{E9C55CDB-0E99-F9AB-40D4-0A8A805272E5}.Debug|Any CPU.ActiveCfg = Debug|Any CPU
		{E9C55CDB-0E99-F9AB-40D4-0A8A805272E5}.Debug|Any CPU.Build.0 = Debug|Any CPU
		{E9C55CDB-0E99-F9AB-40D4-0A8A805272E5}.Debug|x64.ActiveCfg = Debug|Any CPU
		{E9C55CDB-0E99-F9AB-40D4-0A8A805272E5}.Debug|x64.Build.0 = Debug|Any CPU
		{E9C55CDB-0E99-F9AB-40D4-0A8A805272E5}.Debug|x86.ActiveCfg = Debug|Any CPU
		{E9C55CDB-0E99-F9AB-40D4-0A8A805272E5}.Debug|x86.Build.0 = Debug|Any CPU
		{E9C55CDB-0E99-F9AB-40D4-0A8A805272E5}.Release|Any CPU.ActiveCfg = Release|Any CPU
		{E9C55CDB-0E99-F9AB-40D4-0A8A805272E5}.Release|Any CPU.Build.0 = Release|Any CPU
		{E9C55CDB-0E99-F9AB-40D4-0A8A805272E5}.Release|x64.ActiveCfg = Release|Any CPU
		{E9C55CDB-0E99-F9AB-40D4-0A8A805272E5}.Release|x64.Build.0 = Release|Any CPU
		{E9C55CDB-0E99-F9AB-40D4-0A8A805272E5}.Release|x86.ActiveCfg = Release|Any CPU
		{E9C55CDB-0E99-F9AB-40D4-0A8A805272E5}.Release|x86.Build.0 = Release|Any CPU
		{21BAE573-7B60-0BFD-9F5A-CC352D9FFE1A}.Debug|Any CPU.ActiveCfg = Debug|Any CPU
		{21BAE573-7B60-0BFD-9F5A-CC352D9FFE1A}.Debug|Any CPU.Build.0 = Debug|Any CPU
		{21BAE573-7B60-0BFD-9F5A-CC352D9FFE1A}.Debug|x64.ActiveCfg = Debug|Any CPU
		{21BAE573-7B60-0BFD-9F5A-CC352D9FFE1A}.Debug|x64.Build.0 = Debug|Any CPU
		{21BAE573-7B60-0BFD-9F5A-CC352D9FFE1A}.Debug|x86.ActiveCfg = Debug|Any CPU
		{21BAE573-7B60-0BFD-9F5A-CC352D9FFE1A}.Debug|x86.Build.0 = Debug|Any CPU
		{21BAE573-7B60-0BFD-9F5A-CC352D9FFE1A}.Release|Any CPU.ActiveCfg = Release|Any CPU
		{21BAE573-7B60-0BFD-9F5A-CC352D9FFE1A}.Release|Any CPU.Build.0 = Release|Any CPU
		{21BAE573-7B60-0BFD-9F5A-CC352D9FFE1A}.Release|x64.ActiveCfg = Release|Any CPU
		{21BAE573-7B60-0BFD-9F5A-CC352D9FFE1A}.Release|x64.Build.0 = Release|Any CPU
		{21BAE573-7B60-0BFD-9F5A-CC352D9FFE1A}.Release|x86.ActiveCfg = Release|Any CPU
		{21BAE573-7B60-0BFD-9F5A-CC352D9FFE1A}.Release|x86.Build.0 = Release|Any CPU
		{9211A814-B056-F66A-9E75-489985D56327}.Debug|Any CPU.ActiveCfg = Debug|Any CPU
		{9211A814-B056-F66A-9E75-489985D56327}.Debug|Any CPU.Build.0 = Debug|Any CPU
		{9211A814-B056-F66A-9E75-489985D56327}.Debug|x64.ActiveCfg = Debug|Any CPU
		{9211A814-B056-F66A-9E75-489985D56327}.Debug|x64.Build.0 = Debug|Any CPU
		{9211A814-B056-F66A-9E75-489985D56327}.Debug|x86.ActiveCfg = Debug|Any CPU
		{9211A814-B056-F66A-9E75-489985D56327}.Debug|x86.Build.0 = Debug|Any CPU
		{9211A814-B056-F66A-9E75-489985D56327}.Release|Any CPU.ActiveCfg = Release|Any CPU
		{9211A814-B056-F66A-9E75-489985D56327}.Release|Any CPU.Build.0 = Release|Any CPU
		{9211A814-B056-F66A-9E75-489985D56327}.Release|x64.ActiveCfg = Release|Any CPU
		{9211A814-B056-F66A-9E75-489985D56327}.Release|x64.Build.0 = Release|Any CPU
		{9211A814-B056-F66A-9E75-489985D56327}.Release|x86.ActiveCfg = Release|Any CPU
		{9211A814-B056-F66A-9E75-489985D56327}.Release|x86.Build.0 = Release|Any CPU
		{9B9F6510-FB88-DF6B-65E7-DCE279680017}.Debug|Any CPU.ActiveCfg = Debug|Any CPU
		{9B9F6510-FB88-DF6B-65E7-DCE279680017}.Debug|Any CPU.Build.0 = Debug|Any CPU
		{9B9F6510-FB88-DF6B-65E7-DCE279680017}.Debug|x64.ActiveCfg = Debug|Any CPU
		{9B9F6510-FB88-DF6B-65E7-DCE279680017}.Debug|x64.Build.0 = Debug|Any CPU
		{9B9F6510-FB88-DF6B-65E7-DCE279680017}.Debug|x86.ActiveCfg = Debug|Any CPU
		{9B9F6510-FB88-DF6B-65E7-DCE279680017}.Debug|x86.Build.0 = Debug|Any CPU
		{9B9F6510-FB88-DF6B-65E7-DCE279680017}.Release|Any CPU.ActiveCfg = Release|Any CPU
		{9B9F6510-FB88-DF6B-65E7-DCE279680017}.Release|Any CPU.Build.0 = Release|Any CPU
		{9B9F6510-FB88-DF6B-65E7-DCE279680017}.Release|x64.ActiveCfg = Release|Any CPU
		{9B9F6510-FB88-DF6B-65E7-DCE279680017}.Release|x64.Build.0 = Release|Any CPU
		{9B9F6510-FB88-DF6B-65E7-DCE279680017}.Release|x86.ActiveCfg = Release|Any CPU
		{9B9F6510-FB88-DF6B-65E7-DCE279680017}.Release|x86.Build.0 = Release|Any CPU
		{D8B80B44-C0AD-7E92-A201-9F2BC273EB14}.Debug|Any CPU.ActiveCfg = Debug|Any CPU
		{D8B80B44-C0AD-7E92-A201-9F2BC273EB14}.Debug|Any CPU.Build.0 = Debug|Any CPU
		{D8B80B44-C0AD-7E92-A201-9F2BC273EB14}.Debug|x64.ActiveCfg = Debug|Any CPU
		{D8B80B44-C0AD-7E92-A201-9F2BC273EB14}.Debug|x64.Build.0 = Debug|Any CPU
		{D8B80B44-C0AD-7E92-A201-9F2BC273EB14}.Debug|x86.ActiveCfg = Debug|Any CPU
		{D8B80B44-C0AD-7E92-A201-9F2BC273EB14}.Debug|x86.Build.0 = Debug|Any CPU
		{D8B80B44-C0AD-7E92-A201-9F2BC273EB14}.Release|Any CPU.ActiveCfg = Release|Any CPU
		{D8B80B44-C0AD-7E92-A201-9F2BC273EB14}.Release|Any CPU.Build.0 = Release|Any CPU
		{D8B80B44-C0AD-7E92-A201-9F2BC273EB14}.Release|x64.ActiveCfg = Release|Any CPU
		{D8B80B44-C0AD-7E92-A201-9F2BC273EB14}.Release|x64.Build.0 = Release|Any CPU
		{D8B80B44-C0AD-7E92-A201-9F2BC273EB14}.Release|x86.ActiveCfg = Release|Any CPU
		{D8B80B44-C0AD-7E92-A201-9F2BC273EB14}.Release|x86.Build.0 = Release|Any CPU
		{86EE5E46-3191-1642-E081-87A1AC900B77}.Debug|Any CPU.ActiveCfg = Debug|Any CPU
		{86EE5E46-3191-1642-E081-87A1AC900B77}.Debug|Any CPU.Build.0 = Debug|Any CPU
		{86EE5E46-3191-1642-E081-87A1AC900B77}.Debug|x64.ActiveCfg = Debug|Any CPU
		{86EE5E46-3191-1642-E081-87A1AC900B77}.Debug|x64.Build.0 = Debug|Any CPU
		{86EE5E46-3191-1642-E081-87A1AC900B77}.Debug|x86.ActiveCfg = Debug|Any CPU
		{86EE5E46-3191-1642-E081-87A1AC900B77}.Debug|x86.Build.0 = Debug|Any CPU
		{86EE5E46-3191-1642-E081-87A1AC900B77}.Release|Any CPU.ActiveCfg = Release|Any CPU
		{86EE5E46-3191-1642-E081-87A1AC900B77}.Release|Any CPU.Build.0 = Release|Any CPU
		{86EE5E46-3191-1642-E081-87A1AC900B77}.Release|x64.ActiveCfg = Release|Any CPU
		{86EE5E46-3191-1642-E081-87A1AC900B77}.Release|x64.Build.0 = Release|Any CPU
		{86EE5E46-3191-1642-E081-87A1AC900B77}.Release|x86.ActiveCfg = Release|Any CPU
		{86EE5E46-3191-1642-E081-87A1AC900B77}.Release|x86.Build.0 = Release|Any CPU
		{4B1B6B39-2280-189A-4A46-493AA50D0696}.Debug|Any CPU.ActiveCfg = Debug|Any CPU
		{4B1B6B39-2280-189A-4A46-493AA50D0696}.Debug|Any CPU.Build.0 = Debug|Any CPU
		{4B1B6B39-2280-189A-4A46-493AA50D0696}.Debug|x64.ActiveCfg = Debug|Any CPU
		{4B1B6B39-2280-189A-4A46-493AA50D0696}.Debug|x64.Build.0 = Debug|Any CPU
		{4B1B6B39-2280-189A-4A46-493AA50D0696}.Debug|x86.ActiveCfg = Debug|Any CPU
		{4B1B6B39-2280-189A-4A46-493AA50D0696}.Debug|x86.Build.0 = Debug|Any CPU
		{4B1B6B39-2280-189A-4A46-493AA50D0696}.Release|Any CPU.ActiveCfg = Release|Any CPU
		{4B1B6B39-2280-189A-4A46-493AA50D0696}.Release|Any CPU.Build.0 = Release|Any CPU
		{4B1B6B39-2280-189A-4A46-493AA50D0696}.Release|x64.ActiveCfg = Release|Any CPU
		{4B1B6B39-2280-189A-4A46-493AA50D0696}.Release|x64.Build.0 = Release|Any CPU
		{4B1B6B39-2280-189A-4A46-493AA50D0696}.Release|x86.ActiveCfg = Release|Any CPU
		{4B1B6B39-2280-189A-4A46-493AA50D0696}.Release|x86.Build.0 = Release|Any CPU
		{038FB3E8-8A5F-097D-BC9B-EF3D13EF5C73}.Debug|Any CPU.ActiveCfg = Debug|Any CPU
		{038FB3E8-8A5F-097D-BC9B-EF3D13EF5C73}.Debug|Any CPU.Build.0 = Debug|Any CPU
		{038FB3E8-8A5F-097D-BC9B-EF3D13EF5C73}.Debug|x64.ActiveCfg = Debug|Any CPU
		{038FB3E8-8A5F-097D-BC9B-EF3D13EF5C73}.Debug|x64.Build.0 = Debug|Any CPU
		{038FB3E8-8A5F-097D-BC9B-EF3D13EF5C73}.Debug|x86.ActiveCfg = Debug|Any CPU
		{038FB3E8-8A5F-097D-BC9B-EF3D13EF5C73}.Debug|x86.Build.0 = Debug|Any CPU
		{038FB3E8-8A5F-097D-BC9B-EF3D13EF5C73}.Release|Any CPU.ActiveCfg = Release|Any CPU
		{038FB3E8-8A5F-097D-BC9B-EF3D13EF5C73}.Release|Any CPU.Build.0 = Release|Any CPU
		{038FB3E8-8A5F-097D-BC9B-EF3D13EF5C73}.Release|x64.ActiveCfg = Release|Any CPU
		{038FB3E8-8A5F-097D-BC9B-EF3D13EF5C73}.Release|x64.Build.0 = Release|Any CPU
		{038FB3E8-8A5F-097D-BC9B-EF3D13EF5C73}.Release|x86.ActiveCfg = Release|Any CPU
		{038FB3E8-8A5F-097D-BC9B-EF3D13EF5C73}.Release|x86.Build.0 = Release|Any CPU
		{DDED2FD5-BE6F-BCCF-1A91-656E94A72557}.Debug|Any CPU.ActiveCfg = Debug|Any CPU
		{DDED2FD5-BE6F-BCCF-1A91-656E94A72557}.Debug|Any CPU.Build.0 = Debug|Any CPU
		{DDED2FD5-BE6F-BCCF-1A91-656E94A72557}.Debug|x64.ActiveCfg = Debug|Any CPU
		{DDED2FD5-BE6F-BCCF-1A91-656E94A72557}.Debug|x64.Build.0 = Debug|Any CPU
		{DDED2FD5-BE6F-BCCF-1A91-656E94A72557}.Debug|x86.ActiveCfg = Debug|Any CPU
		{DDED2FD5-BE6F-BCCF-1A91-656E94A72557}.Debug|x86.Build.0 = Debug|Any CPU
		{DDED2FD5-BE6F-BCCF-1A91-656E94A72557}.Release|Any CPU.ActiveCfg = Release|Any CPU
		{DDED2FD5-BE6F-BCCF-1A91-656E94A72557}.Release|Any CPU.Build.0 = Release|Any CPU
		{DDED2FD5-BE6F-BCCF-1A91-656E94A72557}.Release|x64.ActiveCfg = Release|Any CPU
		{DDED2FD5-BE6F-BCCF-1A91-656E94A72557}.Release|x64.Build.0 = Release|Any CPU
		{DDED2FD5-BE6F-BCCF-1A91-656E94A72557}.Release|x86.ActiveCfg = Release|Any CPU
		{DDED2FD5-BE6F-BCCF-1A91-656E94A72557}.Release|x86.Build.0 = Release|Any CPU
		{C00F4F41-9E33-10BD-F660-E48A190259AD}.Debug|Any CPU.ActiveCfg = Debug|Any CPU
		{C00F4F41-9E33-10BD-F660-E48A190259AD}.Debug|Any CPU.Build.0 = Debug|Any CPU
		{C00F4F41-9E33-10BD-F660-E48A190259AD}.Debug|x64.ActiveCfg = Debug|Any CPU
		{C00F4F41-9E33-10BD-F660-E48A190259AD}.Debug|x64.Build.0 = Debug|Any CPU
		{C00F4F41-9E33-10BD-F660-E48A190259AD}.Debug|x86.ActiveCfg = Debug|Any CPU
		{C00F4F41-9E33-10BD-F660-E48A190259AD}.Debug|x86.Build.0 = Debug|Any CPU
		{C00F4F41-9E33-10BD-F660-E48A190259AD}.Release|Any CPU.ActiveCfg = Release|Any CPU
		{C00F4F41-9E33-10BD-F660-E48A190259AD}.Release|Any CPU.Build.0 = Release|Any CPU
		{C00F4F41-9E33-10BD-F660-E48A190259AD}.Release|x64.ActiveCfg = Release|Any CPU
		{C00F4F41-9E33-10BD-F660-E48A190259AD}.Release|x64.Build.0 = Release|Any CPU
		{C00F4F41-9E33-10BD-F660-E48A190259AD}.Release|x86.ActiveCfg = Release|Any CPU
		{C00F4F41-9E33-10BD-F660-E48A190259AD}.Release|x86.Build.0 = Release|Any CPU
		{3E107A4A-E557-DAB1-F9D4-5CCF24C8E5C2}.Debug|Any CPU.ActiveCfg = Debug|Any CPU
		{3E107A4A-E557-DAB1-F9D4-5CCF24C8E5C2}.Debug|Any CPU.Build.0 = Debug|Any CPU
		{3E107A4A-E557-DAB1-F9D4-5CCF24C8E5C2}.Debug|x64.ActiveCfg = Debug|Any CPU
		{3E107A4A-E557-DAB1-F9D4-5CCF24C8E5C2}.Debug|x64.Build.0 = Debug|Any CPU
		{3E107A4A-E557-DAB1-F9D4-5CCF24C8E5C2}.Debug|x86.ActiveCfg = Debug|Any CPU
		{3E107A4A-E557-DAB1-F9D4-5CCF24C8E5C2}.Debug|x86.Build.0 = Debug|Any CPU
		{3E107A4A-E557-DAB1-F9D4-5CCF24C8E5C2}.Release|Any CPU.ActiveCfg = Release|Any CPU
		{3E107A4A-E557-DAB1-F9D4-5CCF24C8E5C2}.Release|Any CPU.Build.0 = Release|Any CPU
		{3E107A4A-E557-DAB1-F9D4-5CCF24C8E5C2}.Release|x64.ActiveCfg = Release|Any CPU
		{3E107A4A-E557-DAB1-F9D4-5CCF24C8E5C2}.Release|x64.Build.0 = Release|Any CPU
		{3E107A4A-E557-DAB1-F9D4-5CCF24C8E5C2}.Release|x86.ActiveCfg = Release|Any CPU
		{3E107A4A-E557-DAB1-F9D4-5CCF24C8E5C2}.Release|x86.Build.0 = Release|Any CPU
		{8B4A7830-5398-4EB5-6D22-BD8546FCE390}.Debug|Any CPU.ActiveCfg = Debug|Any CPU
		{8B4A7830-5398-4EB5-6D22-BD8546FCE390}.Debug|Any CPU.Build.0 = Debug|Any CPU
		{8B4A7830-5398-4EB5-6D22-BD8546FCE390}.Debug|x64.ActiveCfg = Debug|Any CPU
		{8B4A7830-5398-4EB5-6D22-BD8546FCE390}.Debug|x64.Build.0 = Debug|Any CPU
		{8B4A7830-5398-4EB5-6D22-BD8546FCE390}.Debug|x86.ActiveCfg = Debug|Any CPU
		{8B4A7830-5398-4EB5-6D22-BD8546FCE390}.Debug|x86.Build.0 = Debug|Any CPU
		{8B4A7830-5398-4EB5-6D22-BD8546FCE390}.Release|Any CPU.ActiveCfg = Release|Any CPU
		{8B4A7830-5398-4EB5-6D22-BD8546FCE390}.Release|Any CPU.Build.0 = Release|Any CPU
		{8B4A7830-5398-4EB5-6D22-BD8546FCE390}.Release|x64.ActiveCfg = Release|Any CPU
		{8B4A7830-5398-4EB5-6D22-BD8546FCE390}.Release|x64.Build.0 = Release|Any CPU
		{8B4A7830-5398-4EB5-6D22-BD8546FCE390}.Release|x86.ActiveCfg = Release|Any CPU
		{8B4A7830-5398-4EB5-6D22-BD8546FCE390}.Release|x86.Build.0 = Release|Any CPU
		{816EA488-7128-4CB6-889C-801854283DB8}.Debug|Any CPU.ActiveCfg = Debug|Any CPU
		{816EA488-7128-4CB6-889C-801854283DB8}.Debug|Any CPU.Build.0 = Debug|Any CPU
		{816EA488-7128-4CB6-889C-801854283DB8}.Debug|x64.ActiveCfg = Debug|Any CPU
		{816EA488-7128-4CB6-889C-801854283DB8}.Debug|x64.Build.0 = Debug|Any CPU
		{816EA488-7128-4CB6-889C-801854283DB8}.Debug|x86.ActiveCfg = Debug|Any CPU
		{816EA488-7128-4CB6-889C-801854283DB8}.Debug|x86.Build.0 = Debug|Any CPU
		{816EA488-7128-4CB6-889C-801854283DB8}.Release|Any CPU.ActiveCfg = Release|Any CPU
		{816EA488-7128-4CB6-889C-801854283DB8}.Release|Any CPU.Build.0 = Release|Any CPU
		{816EA488-7128-4CB6-889C-801854283DB8}.Release|x64.ActiveCfg = Release|Any CPU
		{816EA488-7128-4CB6-889C-801854283DB8}.Release|x64.Build.0 = Release|Any CPU
		{816EA488-7128-4CB6-889C-801854283DB8}.Release|x86.ActiveCfg = Release|Any CPU
		{816EA488-7128-4CB6-889C-801854283DB8}.Release|x86.Build.0 = Release|Any CPU
		{E36D9499-48C4-D48C-6667-636E7CBA1D83}.Debug|Any CPU.ActiveCfg = Debug|Any CPU
		{E36D9499-48C4-D48C-6667-636E7CBA1D83}.Debug|Any CPU.Build.0 = Debug|Any CPU
		{E36D9499-48C4-D48C-6667-636E7CBA1D83}.Debug|x64.ActiveCfg = Debug|Any CPU
		{E36D9499-48C4-D48C-6667-636E7CBA1D83}.Debug|x64.Build.0 = Debug|Any CPU
		{E36D9499-48C4-D48C-6667-636E7CBA1D83}.Debug|x86.ActiveCfg = Debug|Any CPU
		{E36D9499-48C4-D48C-6667-636E7CBA1D83}.Debug|x86.Build.0 = Debug|Any CPU
		{E36D9499-48C4-D48C-6667-636E7CBA1D83}.Release|Any CPU.ActiveCfg = Release|Any CPU
		{E36D9499-48C4-D48C-6667-636E7CBA1D83}.Release|Any CPU.Build.0 = Release|Any CPU
		{E36D9499-48C4-D48C-6667-636E7CBA1D83}.Release|x64.ActiveCfg = Release|Any CPU
		{E36D9499-48C4-D48C-6667-636E7CBA1D83}.Release|x64.Build.0 = Release|Any CPU
		{E36D9499-48C4-D48C-6667-636E7CBA1D83}.Release|x86.ActiveCfg = Release|Any CPU
		{E36D9499-48C4-D48C-6667-636E7CBA1D83}.Release|x86.Build.0 = Release|Any CPU
		{2AC8422C-038F-F57A-CBB5-CC2D1BBD926A}.Debug|Any CPU.ActiveCfg = Debug|Any CPU
		{2AC8422C-038F-F57A-CBB5-CC2D1BBD926A}.Debug|Any CPU.Build.0 = Debug|Any CPU
		{2AC8422C-038F-F57A-CBB5-CC2D1BBD926A}.Debug|x64.ActiveCfg = Debug|Any CPU
		{2AC8422C-038F-F57A-CBB5-CC2D1BBD926A}.Debug|x64.Build.0 = Debug|Any CPU
		{2AC8422C-038F-F57A-CBB5-CC2D1BBD926A}.Debug|x86.ActiveCfg = Debug|Any CPU
		{2AC8422C-038F-F57A-CBB5-CC2D1BBD926A}.Debug|x86.Build.0 = Debug|Any CPU
		{2AC8422C-038F-F57A-CBB5-CC2D1BBD926A}.Release|Any CPU.ActiveCfg = Release|Any CPU
		{2AC8422C-038F-F57A-CBB5-CC2D1BBD926A}.Release|Any CPU.Build.0 = Release|Any CPU
		{2AC8422C-038F-F57A-CBB5-CC2D1BBD926A}.Release|x64.ActiveCfg = Release|Any CPU
		{2AC8422C-038F-F57A-CBB5-CC2D1BBD926A}.Release|x64.Build.0 = Release|Any CPU
		{2AC8422C-038F-F57A-CBB5-CC2D1BBD926A}.Release|x86.ActiveCfg = Release|Any CPU
		{2AC8422C-038F-F57A-CBB5-CC2D1BBD926A}.Release|x86.Build.0 = Release|Any CPU
		{07021120-CAFC-6908-A3F7-5F4773609B49}.Debug|Any CPU.ActiveCfg = Debug|Any CPU
		{07021120-CAFC-6908-A3F7-5F4773609B49}.Debug|Any CPU.Build.0 = Debug|Any CPU
		{07021120-CAFC-6908-A3F7-5F4773609B49}.Debug|x64.ActiveCfg = Debug|Any CPU
		{07021120-CAFC-6908-A3F7-5F4773609B49}.Debug|x64.Build.0 = Debug|Any CPU
		{07021120-CAFC-6908-A3F7-5F4773609B49}.Debug|x86.ActiveCfg = Debug|Any CPU
		{07021120-CAFC-6908-A3F7-5F4773609B49}.Debug|x86.Build.0 = Debug|Any CPU
		{07021120-CAFC-6908-A3F7-5F4773609B49}.Release|Any CPU.ActiveCfg = Release|Any CPU
		{07021120-CAFC-6908-A3F7-5F4773609B49}.Release|Any CPU.Build.0 = Release|Any CPU
		{07021120-CAFC-6908-A3F7-5F4773609B49}.Release|x64.ActiveCfg = Release|Any CPU
		{07021120-CAFC-6908-A3F7-5F4773609B49}.Release|x64.Build.0 = Release|Any CPU
		{07021120-CAFC-6908-A3F7-5F4773609B49}.Release|x86.ActiveCfg = Release|Any CPU
		{07021120-CAFC-6908-A3F7-5F4773609B49}.Release|x86.Build.0 = Release|Any CPU
		{1EEEAEE1-30C4-66E3-FBBA-E583377A4BEE}.Debug|Any CPU.ActiveCfg = Debug|Any CPU
		{1EEEAEE1-30C4-66E3-FBBA-E583377A4BEE}.Debug|Any CPU.Build.0 = Debug|Any CPU
		{1EEEAEE1-30C4-66E3-FBBA-E583377A4BEE}.Debug|x64.ActiveCfg = Debug|Any CPU
		{1EEEAEE1-30C4-66E3-FBBA-E583377A4BEE}.Debug|x64.Build.0 = Debug|Any CPU
		{1EEEAEE1-30C4-66E3-FBBA-E583377A4BEE}.Debug|x86.ActiveCfg = Debug|Any CPU
		{1EEEAEE1-30C4-66E3-FBBA-E583377A4BEE}.Debug|x86.Build.0 = Debug|Any CPU
		{1EEEAEE1-30C4-66E3-FBBA-E583377A4BEE}.Release|Any CPU.ActiveCfg = Release|Any CPU
		{1EEEAEE1-30C4-66E3-FBBA-E583377A4BEE}.Release|Any CPU.Build.0 = Release|Any CPU
		{1EEEAEE1-30C4-66E3-FBBA-E583377A4BEE}.Release|x64.ActiveCfg = Release|Any CPU
		{1EEEAEE1-30C4-66E3-FBBA-E583377A4BEE}.Release|x64.Build.0 = Release|Any CPU
		{1EEEAEE1-30C4-66E3-FBBA-E583377A4BEE}.Release|x86.ActiveCfg = Release|Any CPU
		{1EEEAEE1-30C4-66E3-FBBA-E583377A4BEE}.Release|x86.Build.0 = Release|Any CPU
		{CD6199E0-DB1C-DF0F-6B7C-8934AF9A97DC}.Debug|Any CPU.ActiveCfg = Debug|Any CPU
		{CD6199E0-DB1C-DF0F-6B7C-8934AF9A97DC}.Debug|Any CPU.Build.0 = Debug|Any CPU
		{CD6199E0-DB1C-DF0F-6B7C-8934AF9A97DC}.Debug|x64.ActiveCfg = Debug|Any CPU
		{CD6199E0-DB1C-DF0F-6B7C-8934AF9A97DC}.Debug|x64.Build.0 = Debug|Any CPU
		{CD6199E0-DB1C-DF0F-6B7C-8934AF9A97DC}.Debug|x86.ActiveCfg = Debug|Any CPU
		{CD6199E0-DB1C-DF0F-6B7C-8934AF9A97DC}.Debug|x86.Build.0 = Debug|Any CPU
		{CD6199E0-DB1C-DF0F-6B7C-8934AF9A97DC}.Release|Any CPU.ActiveCfg = Release|Any CPU
		{CD6199E0-DB1C-DF0F-6B7C-8934AF9A97DC}.Release|Any CPU.Build.0 = Release|Any CPU
		{CD6199E0-DB1C-DF0F-6B7C-8934AF9A97DC}.Release|x64.ActiveCfg = Release|Any CPU
		{CD6199E0-DB1C-DF0F-6B7C-8934AF9A97DC}.Release|x64.Build.0 = Release|Any CPU
		{CD6199E0-DB1C-DF0F-6B7C-8934AF9A97DC}.Release|x86.ActiveCfg = Release|Any CPU
		{CD6199E0-DB1C-DF0F-6B7C-8934AF9A97DC}.Release|x86.Build.0 = Release|Any CPU
		{5D96DA2E-C5FD-52A9-A75D-154108E2566F}.Debug|Any CPU.ActiveCfg = Debug|Any CPU
		{5D96DA2E-C5FD-52A9-A75D-154108E2566F}.Debug|Any CPU.Build.0 = Debug|Any CPU
		{5D96DA2E-C5FD-52A9-A75D-154108E2566F}.Debug|x64.ActiveCfg = Debug|Any CPU
		{5D96DA2E-C5FD-52A9-A75D-154108E2566F}.Debug|x64.Build.0 = Debug|Any CPU
		{5D96DA2E-C5FD-52A9-A75D-154108E2566F}.Debug|x86.ActiveCfg = Debug|Any CPU
		{5D96DA2E-C5FD-52A9-A75D-154108E2566F}.Debug|x86.Build.0 = Debug|Any CPU
		{5D96DA2E-C5FD-52A9-A75D-154108E2566F}.Release|Any CPU.ActiveCfg = Release|Any CPU
		{5D96DA2E-C5FD-52A9-A75D-154108E2566F}.Release|Any CPU.Build.0 = Release|Any CPU
		{5D96DA2E-C5FD-52A9-A75D-154108E2566F}.Release|x64.ActiveCfg = Release|Any CPU
		{5D96DA2E-C5FD-52A9-A75D-154108E2566F}.Release|x64.Build.0 = Release|Any CPU
		{5D96DA2E-C5FD-52A9-A75D-154108E2566F}.Release|x86.ActiveCfg = Release|Any CPU
		{5D96DA2E-C5FD-52A9-A75D-154108E2566F}.Release|x86.Build.0 = Release|Any CPU
		{2E7E6256-D153-8883-81AF-0BAF250FD469}.Debug|Any CPU.ActiveCfg = Debug|Any CPU
		{2E7E6256-D153-8883-81AF-0BAF250FD469}.Debug|Any CPU.Build.0 = Debug|Any CPU
		{2E7E6256-D153-8883-81AF-0BAF250FD469}.Debug|x64.ActiveCfg = Debug|Any CPU
		{2E7E6256-D153-8883-81AF-0BAF250FD469}.Debug|x64.Build.0 = Debug|Any CPU
		{2E7E6256-D153-8883-81AF-0BAF250FD469}.Debug|x86.ActiveCfg = Debug|Any CPU
		{2E7E6256-D153-8883-81AF-0BAF250FD469}.Debug|x86.Build.0 = Debug|Any CPU
		{2E7E6256-D153-8883-81AF-0BAF250FD469}.Release|Any CPU.ActiveCfg = Release|Any CPU
		{2E7E6256-D153-8883-81AF-0BAF250FD469}.Release|Any CPU.Build.0 = Release|Any CPU
		{2E7E6256-D153-8883-81AF-0BAF250FD469}.Release|x64.ActiveCfg = Release|Any CPU
		{2E7E6256-D153-8883-81AF-0BAF250FD469}.Release|x64.Build.0 = Release|Any CPU
		{2E7E6256-D153-8883-81AF-0BAF250FD469}.Release|x86.ActiveCfg = Release|Any CPU
		{2E7E6256-D153-8883-81AF-0BAF250FD469}.Release|x86.Build.0 = Release|Any CPU
		{6FFCC23F-3FFB-DB81-1BF0-FB8C6A6C009B}.Debug|Any CPU.ActiveCfg = Debug|Any CPU
		{6FFCC23F-3FFB-DB81-1BF0-FB8C6A6C009B}.Debug|Any CPU.Build.0 = Debug|Any CPU
		{6FFCC23F-3FFB-DB81-1BF0-FB8C6A6C009B}.Debug|x64.ActiveCfg = Debug|Any CPU
		{6FFCC23F-3FFB-DB81-1BF0-FB8C6A6C009B}.Debug|x64.Build.0 = Debug|Any CPU
		{6FFCC23F-3FFB-DB81-1BF0-FB8C6A6C009B}.Debug|x86.ActiveCfg = Debug|Any CPU
		{6FFCC23F-3FFB-DB81-1BF0-FB8C6A6C009B}.Debug|x86.Build.0 = Debug|Any CPU
		{6FFCC23F-3FFB-DB81-1BF0-FB8C6A6C009B}.Release|Any CPU.ActiveCfg = Release|Any CPU
		{6FFCC23F-3FFB-DB81-1BF0-FB8C6A6C009B}.Release|Any CPU.Build.0 = Release|Any CPU
		{6FFCC23F-3FFB-DB81-1BF0-FB8C6A6C009B}.Release|x64.ActiveCfg = Release|Any CPU
		{6FFCC23F-3FFB-DB81-1BF0-FB8C6A6C009B}.Release|x64.Build.0 = Release|Any CPU
		{6FFCC23F-3FFB-DB81-1BF0-FB8C6A6C009B}.Release|x86.ActiveCfg = Release|Any CPU
		{6FFCC23F-3FFB-DB81-1BF0-FB8C6A6C009B}.Release|x86.Build.0 = Release|Any CPU
		{E42FA38B-4F40-63B3-11BC-9962B91882B6}.Debug|Any CPU.ActiveCfg = Debug|Any CPU
		{E42FA38B-4F40-63B3-11BC-9962B91882B6}.Debug|Any CPU.Build.0 = Debug|Any CPU
		{E42FA38B-4F40-63B3-11BC-9962B91882B6}.Debug|x64.ActiveCfg = Debug|Any CPU
		{E42FA38B-4F40-63B3-11BC-9962B91882B6}.Debug|x64.Build.0 = Debug|Any CPU
		{E42FA38B-4F40-63B3-11BC-9962B91882B6}.Debug|x86.ActiveCfg = Debug|Any CPU
		{E42FA38B-4F40-63B3-11BC-9962B91882B6}.Debug|x86.Build.0 = Debug|Any CPU
		{E42FA38B-4F40-63B3-11BC-9962B91882B6}.Release|Any CPU.ActiveCfg = Release|Any CPU
		{E42FA38B-4F40-63B3-11BC-9962B91882B6}.Release|Any CPU.Build.0 = Release|Any CPU
		{E42FA38B-4F40-63B3-11BC-9962B91882B6}.Release|x64.ActiveCfg = Release|Any CPU
		{E42FA38B-4F40-63B3-11BC-9962B91882B6}.Release|x64.Build.0 = Release|Any CPU
		{E42FA38B-4F40-63B3-11BC-9962B91882B6}.Release|x86.ActiveCfg = Release|Any CPU
		{E42FA38B-4F40-63B3-11BC-9962B91882B6}.Release|x86.Build.0 = Release|Any CPU
		{408CB485-5173-5B7E-A7D7-F0C03A34DA67}.Debug|Any CPU.ActiveCfg = Debug|Any CPU
		{408CB485-5173-5B7E-A7D7-F0C03A34DA67}.Debug|Any CPU.Build.0 = Debug|Any CPU
		{408CB485-5173-5B7E-A7D7-F0C03A34DA67}.Debug|x64.ActiveCfg = Debug|Any CPU
		{408CB485-5173-5B7E-A7D7-F0C03A34DA67}.Debug|x64.Build.0 = Debug|Any CPU
		{408CB485-5173-5B7E-A7D7-F0C03A34DA67}.Debug|x86.ActiveCfg = Debug|Any CPU
		{408CB485-5173-5B7E-A7D7-F0C03A34DA67}.Debug|x86.Build.0 = Debug|Any CPU
		{408CB485-5173-5B7E-A7D7-F0C03A34DA67}.Release|Any CPU.ActiveCfg = Release|Any CPU
		{408CB485-5173-5B7E-A7D7-F0C03A34DA67}.Release|Any CPU.Build.0 = Release|Any CPU
		{408CB485-5173-5B7E-A7D7-F0C03A34DA67}.Release|x64.ActiveCfg = Release|Any CPU
		{408CB485-5173-5B7E-A7D7-F0C03A34DA67}.Release|x64.Build.0 = Release|Any CPU
		{408CB485-5173-5B7E-A7D7-F0C03A34DA67}.Release|x86.ActiveCfg = Release|Any CPU
		{408CB485-5173-5B7E-A7D7-F0C03A34DA67}.Release|x86.Build.0 = Release|Any CPU
		{6C0F2BF4-1446-4DED-A801-FE2EF77C19B7}.Debug|Any CPU.ActiveCfg = Debug|Any CPU
		{6C0F2BF4-1446-4DED-A801-FE2EF77C19B7}.Debug|Any CPU.Build.0 = Debug|Any CPU
		{6C0F2BF4-1446-4DED-A801-FE2EF77C19B7}.Debug|x64.ActiveCfg = Debug|Any CPU
		{6C0F2BF4-1446-4DED-A801-FE2EF77C19B7}.Debug|x64.Build.0 = Debug|Any CPU
		{6C0F2BF4-1446-4DED-A801-FE2EF77C19B7}.Debug|x86.ActiveCfg = Debug|Any CPU
		{6C0F2BF4-1446-4DED-A801-FE2EF77C19B7}.Debug|x86.Build.0 = Debug|Any CPU
		{6C0F2BF4-1446-4DED-A801-FE2EF77C19B7}.Release|Any CPU.ActiveCfg = Release|Any CPU
		{6C0F2BF4-1446-4DED-A801-FE2EF77C19B7}.Release|Any CPU.Build.0 = Release|Any CPU
		{6C0F2BF4-1446-4DED-A801-FE2EF77C19B7}.Release|x64.ActiveCfg = Release|Any CPU
		{6C0F2BF4-1446-4DED-A801-FE2EF77C19B7}.Release|x64.Build.0 = Release|Any CPU
		{6C0F2BF4-1446-4DED-A801-FE2EF77C19B7}.Release|x86.ActiveCfg = Release|Any CPU
		{6C0F2BF4-1446-4DED-A801-FE2EF77C19B7}.Release|x86.Build.0 = Release|Any CPU
		{DE0C9DE4-CBE6-4340-A900-E02205455215}.Debug|Any CPU.ActiveCfg = Debug|Any CPU
		{DE0C9DE4-CBE6-4340-A900-E02205455215}.Debug|Any CPU.Build.0 = Debug|Any CPU
		{DE0C9DE4-CBE6-4340-A900-E02205455215}.Debug|x64.ActiveCfg = Debug|Any CPU
		{DE0C9DE4-CBE6-4340-A900-E02205455215}.Debug|x64.Build.0 = Debug|Any CPU
		{DE0C9DE4-CBE6-4340-A900-E02205455215}.Debug|x86.ActiveCfg = Debug|Any CPU
		{DE0C9DE4-CBE6-4340-A900-E02205455215}.Debug|x86.Build.0 = Debug|Any CPU
		{DE0C9DE4-CBE6-4340-A900-E02205455215}.Release|Any CPU.ActiveCfg = Release|Any CPU
		{DE0C9DE4-CBE6-4340-A900-E02205455215}.Release|Any CPU.Build.0 = Release|Any CPU
		{DE0C9DE4-CBE6-4340-A900-E02205455215}.Release|x64.ActiveCfg = Release|Any CPU
		{DE0C9DE4-CBE6-4340-A900-E02205455215}.Release|x64.Build.0 = Release|Any CPU
		{DE0C9DE4-CBE6-4340-A900-E02205455215}.Release|x86.ActiveCfg = Release|Any CPU
		{DE0C9DE4-CBE6-4340-A900-E02205455215}.Release|x86.Build.0 = Release|Any CPU
		{1D817C78-45CC-4EE2-89D0-71DB462C7652}.Debug|Any CPU.ActiveCfg = Debug|Any CPU
		{1D817C78-45CC-4EE2-89D0-71DB462C7652}.Debug|Any CPU.Build.0 = Debug|Any CPU
		{1D817C78-45CC-4EE2-89D0-71DB462C7652}.Debug|x64.ActiveCfg = Debug|Any CPU
		{1D817C78-45CC-4EE2-89D0-71DB462C7652}.Debug|x64.Build.0 = Debug|Any CPU
		{1D817C78-45CC-4EE2-89D0-71DB462C7652}.Debug|x86.ActiveCfg = Debug|Any CPU
		{1D817C78-45CC-4EE2-89D0-71DB462C7652}.Debug|x86.Build.0 = Debug|Any CPU
		{1D817C78-45CC-4EE2-89D0-71DB462C7652}.Release|Any CPU.ActiveCfg = Release|Any CPU
		{1D817C78-45CC-4EE2-89D0-71DB462C7652}.Release|Any CPU.Build.0 = Release|Any CPU
		{1D817C78-45CC-4EE2-89D0-71DB462C7652}.Release|x64.ActiveCfg = Release|Any CPU
		{1D817C78-45CC-4EE2-89D0-71DB462C7652}.Release|x64.Build.0 = Release|Any CPU
		{1D817C78-45CC-4EE2-89D0-71DB462C7652}.Release|x86.ActiveCfg = Release|Any CPU
		{1D817C78-45CC-4EE2-89D0-71DB462C7652}.Release|x86.Build.0 = Release|Any CPU
		{2DD8BD49-4486-4700-A295-0B3399B06514}.Debug|Any CPU.ActiveCfg = Debug|Any CPU
		{2DD8BD49-4486-4700-A295-0B3399B06514}.Debug|Any CPU.Build.0 = Debug|Any CPU
		{2DD8BD49-4486-4700-A295-0B3399B06514}.Debug|x64.ActiveCfg = Debug|Any CPU
		{2DD8BD49-4486-4700-A295-0B3399B06514}.Debug|x64.Build.0 = Debug|Any CPU
		{2DD8BD49-4486-4700-A295-0B3399B06514}.Debug|x86.ActiveCfg = Debug|Any CPU
		{2DD8BD49-4486-4700-A295-0B3399B06514}.Debug|x86.Build.0 = Debug|Any CPU
		{2DD8BD49-4486-4700-A295-0B3399B06514}.Release|Any CPU.ActiveCfg = Release|Any CPU
		{2DD8BD49-4486-4700-A295-0B3399B06514}.Release|Any CPU.Build.0 = Release|Any CPU
		{2DD8BD49-4486-4700-A295-0B3399B06514}.Release|x64.ActiveCfg = Release|Any CPU
		{2DD8BD49-4486-4700-A295-0B3399B06514}.Release|x64.Build.0 = Release|Any CPU
		{2DD8BD49-4486-4700-A295-0B3399B06514}.Release|x86.ActiveCfg = Release|Any CPU
		{2DD8BD49-4486-4700-A295-0B3399B06514}.Release|x86.Build.0 = Release|Any CPU
		{4B1B3DB6-5882-4D5F-9BD9-CD4376014EC9}.Debug|Any CPU.ActiveCfg = Debug|Any CPU
		{4B1B3DB6-5882-4D5F-9BD9-CD4376014EC9}.Debug|Any CPU.Build.0 = Debug|Any CPU
		{4B1B3DB6-5882-4D5F-9BD9-CD4376014EC9}.Debug|x64.ActiveCfg = Debug|Any CPU
		{4B1B3DB6-5882-4D5F-9BD9-CD4376014EC9}.Debug|x64.Build.0 = Debug|Any CPU
		{4B1B3DB6-5882-4D5F-9BD9-CD4376014EC9}.Debug|x86.ActiveCfg = Debug|Any CPU
		{4B1B3DB6-5882-4D5F-9BD9-CD4376014EC9}.Debug|x86.Build.0 = Debug|Any CPU
		{4B1B3DB6-5882-4D5F-9BD9-CD4376014EC9}.Release|Any CPU.ActiveCfg = Release|Any CPU
		{4B1B3DB6-5882-4D5F-9BD9-CD4376014EC9}.Release|Any CPU.Build.0 = Release|Any CPU
		{4B1B3DB6-5882-4D5F-9BD9-CD4376014EC9}.Release|x64.ActiveCfg = Release|Any CPU
		{4B1B3DB6-5882-4D5F-9BD9-CD4376014EC9}.Release|x64.Build.0 = Release|Any CPU
		{4B1B3DB6-5882-4D5F-9BD9-CD4376014EC9}.Release|x86.ActiveCfg = Release|Any CPU
		{4B1B3DB6-5882-4D5F-9BD9-CD4376014EC9}.Release|x86.Build.0 = Release|Any CPU
		{2D59629C-E020-4CBC-8D28-967659F99CDC}.Debug|Any CPU.ActiveCfg = Debug|Any CPU
		{2D59629C-E020-4CBC-8D28-967659F99CDC}.Debug|Any CPU.Build.0 = Debug|Any CPU
		{2D59629C-E020-4CBC-8D28-967659F99CDC}.Debug|x64.ActiveCfg = Debug|Any CPU
		{2D59629C-E020-4CBC-8D28-967659F99CDC}.Debug|x64.Build.0 = Debug|Any CPU
		{2D59629C-E020-4CBC-8D28-967659F99CDC}.Debug|x86.ActiveCfg = Debug|Any CPU
		{2D59629C-E020-4CBC-8D28-967659F99CDC}.Debug|x86.Build.0 = Debug|Any CPU
		{2D59629C-E020-4CBC-8D28-967659F99CDC}.Release|Any CPU.ActiveCfg = Release|Any CPU
		{2D59629C-E020-4CBC-8D28-967659F99CDC}.Release|Any CPU.Build.0 = Release|Any CPU
		{2D59629C-E020-4CBC-8D28-967659F99CDC}.Release|x64.ActiveCfg = Release|Any CPU
		{2D59629C-E020-4CBC-8D28-967659F99CDC}.Release|x64.Build.0 = Release|Any CPU
		{2D59629C-E020-4CBC-8D28-967659F99CDC}.Release|x86.ActiveCfg = Release|Any CPU
		{2D59629C-E020-4CBC-8D28-967659F99CDC}.Release|x86.Build.0 = Release|Any CPU
		{8F9A209B-F656-4949-A2D3-0CD1DB369476}.Debug|Any CPU.ActiveCfg = Debug|Any CPU
		{8F9A209B-F656-4949-A2D3-0CD1DB369476}.Debug|Any CPU.Build.0 = Debug|Any CPU
		{8F9A209B-F656-4949-A2D3-0CD1DB369476}.Debug|x64.ActiveCfg = Debug|Any CPU
		{8F9A209B-F656-4949-A2D3-0CD1DB369476}.Debug|x64.Build.0 = Debug|Any CPU
		{8F9A209B-F656-4949-A2D3-0CD1DB369476}.Debug|x86.ActiveCfg = Debug|Any CPU
		{8F9A209B-F656-4949-A2D3-0CD1DB369476}.Debug|x86.Build.0 = Debug|Any CPU
		{8F9A209B-F656-4949-A2D3-0CD1DB369476}.Release|Any CPU.ActiveCfg = Release|Any CPU
		{8F9A209B-F656-4949-A2D3-0CD1DB369476}.Release|Any CPU.Build.0 = Release|Any CPU
		{8F9A209B-F656-4949-A2D3-0CD1DB369476}.Release|x64.ActiveCfg = Release|Any CPU
		{8F9A209B-F656-4949-A2D3-0CD1DB369476}.Release|x64.Build.0 = Release|Any CPU
		{8F9A209B-F656-4949-A2D3-0CD1DB369476}.Release|x86.ActiveCfg = Release|Any CPU
		{8F9A209B-F656-4949-A2D3-0CD1DB369476}.Release|x86.Build.0 = Release|Any CPU
		{61CF9BB2-C213-554B-21BC-FAF8B0812E02}.Debug|Any CPU.ActiveCfg = Debug|Any CPU
		{61CF9BB2-C213-554B-21BC-FAF8B0812E02}.Debug|Any CPU.Build.0 = Debug|Any CPU
		{61CF9BB2-C213-554B-21BC-FAF8B0812E02}.Debug|x64.ActiveCfg = Debug|Any CPU
		{61CF9BB2-C213-554B-21BC-FAF8B0812E02}.Debug|x64.Build.0 = Debug|Any CPU
		{61CF9BB2-C213-554B-21BC-FAF8B0812E02}.Debug|x86.ActiveCfg = Debug|Any CPU
		{61CF9BB2-C213-554B-21BC-FAF8B0812E02}.Debug|x86.Build.0 = Debug|Any CPU
		{61CF9BB2-C213-554B-21BC-FAF8B0812E02}.Release|Any CPU.ActiveCfg = Release|Any CPU
		{61CF9BB2-C213-554B-21BC-FAF8B0812E02}.Release|Any CPU.Build.0 = Release|Any CPU
		{61CF9BB2-C213-554B-21BC-FAF8B0812E02}.Release|x64.ActiveCfg = Release|Any CPU
		{61CF9BB2-C213-554B-21BC-FAF8B0812E02}.Release|x64.Build.0 = Release|Any CPU
		{61CF9BB2-C213-554B-21BC-FAF8B0812E02}.Release|x86.ActiveCfg = Release|Any CPU
		{61CF9BB2-C213-554B-21BC-FAF8B0812E02}.Release|x86.Build.0 = Release|Any CPU
		{C05DDB77-793B-547F-7493-FDD374AD72B4}.Debug|Any CPU.ActiveCfg = Debug|Any CPU
		{C05DDB77-793B-547F-7493-FDD374AD72B4}.Debug|Any CPU.Build.0 = Debug|Any CPU
		{C05DDB77-793B-547F-7493-FDD374AD72B4}.Debug|x64.ActiveCfg = Debug|Any CPU
		{C05DDB77-793B-547F-7493-FDD374AD72B4}.Debug|x64.Build.0 = Debug|Any CPU
		{C05DDB77-793B-547F-7493-FDD374AD72B4}.Debug|x86.ActiveCfg = Debug|Any CPU
		{C05DDB77-793B-547F-7493-FDD374AD72B4}.Debug|x86.Build.0 = Debug|Any CPU
		{C05DDB77-793B-547F-7493-FDD374AD72B4}.Release|Any CPU.ActiveCfg = Release|Any CPU
		{C05DDB77-793B-547F-7493-FDD374AD72B4}.Release|Any CPU.Build.0 = Release|Any CPU
		{C05DDB77-793B-547F-7493-FDD374AD72B4}.Release|x64.ActiveCfg = Release|Any CPU
		{C05DDB77-793B-547F-7493-FDD374AD72B4}.Release|x64.Build.0 = Release|Any CPU
		{C05DDB77-793B-547F-7493-FDD374AD72B4}.Release|x86.ActiveCfg = Release|Any CPU
		{C05DDB77-793B-547F-7493-FDD374AD72B4}.Release|x86.Build.0 = Release|Any CPU
		{6CA09A80-5972-4B70-B664-F52E0E817901}.Debug|Any CPU.ActiveCfg = Debug|Any CPU
		{6CA09A80-5972-4B70-B664-F52E0E817901}.Debug|Any CPU.Build.0 = Debug|Any CPU
		{6CA09A80-5972-4B70-B664-F52E0E817901}.Debug|x64.ActiveCfg = Debug|Any CPU
		{6CA09A80-5972-4B70-B664-F52E0E817901}.Debug|x64.Build.0 = Debug|Any CPU
		{6CA09A80-5972-4B70-B664-F52E0E817901}.Debug|x86.ActiveCfg = Debug|Any CPU
		{6CA09A80-5972-4B70-B664-F52E0E817901}.Debug|x86.Build.0 = Debug|Any CPU
		{6CA09A80-5972-4B70-B664-F52E0E817901}.Release|Any CPU.ActiveCfg = Release|Any CPU
		{6CA09A80-5972-4B70-B664-F52E0E817901}.Release|Any CPU.Build.0 = Release|Any CPU
		{6CA09A80-5972-4B70-B664-F52E0E817901}.Release|x64.ActiveCfg = Release|Any CPU
		{6CA09A80-5972-4B70-B664-F52E0E817901}.Release|x64.Build.0 = Release|Any CPU
		{6CA09A80-5972-4B70-B664-F52E0E817901}.Release|x86.ActiveCfg = Release|Any CPU
		{6CA09A80-5972-4B70-B664-F52E0E817901}.Release|x86.Build.0 = Release|Any CPU
		{5A2F521A-B509-4A06-8446-F8A9C65F17D9}.Debug|Any CPU.ActiveCfg = Debug|Any CPU
		{5A2F521A-B509-4A06-8446-F8A9C65F17D9}.Debug|Any CPU.Build.0 = Debug|Any CPU
		{5A2F521A-B509-4A06-8446-F8A9C65F17D9}.Debug|x64.ActiveCfg = Debug|Any CPU
		{5A2F521A-B509-4A06-8446-F8A9C65F17D9}.Debug|x64.Build.0 = Debug|Any CPU
		{5A2F521A-B509-4A06-8446-F8A9C65F17D9}.Debug|x86.ActiveCfg = Debug|Any CPU
		{5A2F521A-B509-4A06-8446-F8A9C65F17D9}.Debug|x86.Build.0 = Debug|Any CPU
		{5A2F521A-B509-4A06-8446-F8A9C65F17D9}.Release|Any CPU.ActiveCfg = Release|Any CPU
		{5A2F521A-B509-4A06-8446-F8A9C65F17D9}.Release|Any CPU.Build.0 = Release|Any CPU
		{5A2F521A-B509-4A06-8446-F8A9C65F17D9}.Release|x64.ActiveCfg = Release|Any CPU
		{5A2F521A-B509-4A06-8446-F8A9C65F17D9}.Release|x64.Build.0 = Release|Any CPU
		{5A2F521A-B509-4A06-8446-F8A9C65F17D9}.Release|x86.ActiveCfg = Release|Any CPU
		{5A2F521A-B509-4A06-8446-F8A9C65F17D9}.Release|x86.Build.0 = Release|Any CPU
		{E77E1463-FF41-4CC9-87E8-D7F7DCE195C1}.Debug|Any CPU.ActiveCfg = Debug|Any CPU
		{E77E1463-FF41-4CC9-87E8-D7F7DCE195C1}.Debug|Any CPU.Build.0 = Debug|Any CPU
		{E77E1463-FF41-4CC9-87E8-D7F7DCE195C1}.Debug|x64.ActiveCfg = Debug|Any CPU
		{E77E1463-FF41-4CC9-87E8-D7F7DCE195C1}.Debug|x64.Build.0 = Debug|Any CPU
		{E77E1463-FF41-4CC9-87E8-D7F7DCE195C1}.Debug|x86.ActiveCfg = Debug|Any CPU
		{E77E1463-FF41-4CC9-87E8-D7F7DCE195C1}.Debug|x86.Build.0 = Debug|Any CPU
		{E77E1463-FF41-4CC9-87E8-D7F7DCE195C1}.Release|Any CPU.ActiveCfg = Release|Any CPU
		{E77E1463-FF41-4CC9-87E8-D7F7DCE195C1}.Release|Any CPU.Build.0 = Release|Any CPU
		{E77E1463-FF41-4CC9-87E8-D7F7DCE195C1}.Release|x64.ActiveCfg = Release|Any CPU
		{E77E1463-FF41-4CC9-87E8-D7F7DCE195C1}.Release|x64.Build.0 = Release|Any CPU
		{E77E1463-FF41-4CC9-87E8-D7F7DCE195C1}.Release|x86.ActiveCfg = Release|Any CPU
		{E77E1463-FF41-4CC9-87E8-D7F7DCE195C1}.Release|x86.Build.0 = Release|Any CPU
		{85732AAF-9567-4C96-A205-0344B04D0AC4}.Debug|Any CPU.ActiveCfg = Debug|Any CPU
		{85732AAF-9567-4C96-A205-0344B04D0AC4}.Debug|Any CPU.Build.0 = Debug|Any CPU
		{85732AAF-9567-4C96-A205-0344B04D0AC4}.Debug|x64.ActiveCfg = Debug|Any CPU
		{85732AAF-9567-4C96-A205-0344B04D0AC4}.Debug|x64.Build.0 = Debug|Any CPU
		{85732AAF-9567-4C96-A205-0344B04D0AC4}.Debug|x86.ActiveCfg = Debug|Any CPU
		{85732AAF-9567-4C96-A205-0344B04D0AC4}.Debug|x86.Build.0 = Debug|Any CPU
		{85732AAF-9567-4C96-A205-0344B04D0AC4}.Release|Any CPU.ActiveCfg = Release|Any CPU
		{85732AAF-9567-4C96-A205-0344B04D0AC4}.Release|Any CPU.Build.0 = Release|Any CPU
		{85732AAF-9567-4C96-A205-0344B04D0AC4}.Release|x64.ActiveCfg = Release|Any CPU
		{85732AAF-9567-4C96-A205-0344B04D0AC4}.Release|x64.Build.0 = Release|Any CPU
		{85732AAF-9567-4C96-A205-0344B04D0AC4}.Release|x86.ActiveCfg = Release|Any CPU
		{85732AAF-9567-4C96-A205-0344B04D0AC4}.Release|x86.Build.0 = Release|Any CPU
		{2A0476BF-F2E8-4533-A24C-FE51CC366499}.Debug|Any CPU.ActiveCfg = Debug|Any CPU
		{2A0476BF-F2E8-4533-A24C-FE51CC366499}.Debug|Any CPU.Build.0 = Debug|Any CPU
		{2A0476BF-F2E8-4533-A24C-FE51CC366499}.Debug|x64.ActiveCfg = Debug|Any CPU
		{2A0476BF-F2E8-4533-A24C-FE51CC366499}.Debug|x64.Build.0 = Debug|Any CPU
		{2A0476BF-F2E8-4533-A24C-FE51CC366499}.Debug|x86.ActiveCfg = Debug|Any CPU
		{2A0476BF-F2E8-4533-A24C-FE51CC366499}.Debug|x86.Build.0 = Debug|Any CPU
		{2A0476BF-F2E8-4533-A24C-FE51CC366499}.Release|Any CPU.ActiveCfg = Release|Any CPU
		{2A0476BF-F2E8-4533-A24C-FE51CC366499}.Release|Any CPU.Build.0 = Release|Any CPU
		{2A0476BF-F2E8-4533-A24C-FE51CC366499}.Release|x64.ActiveCfg = Release|Any CPU
		{2A0476BF-F2E8-4533-A24C-FE51CC366499}.Release|x64.Build.0 = Release|Any CPU
		{2A0476BF-F2E8-4533-A24C-FE51CC366499}.Release|x86.ActiveCfg = Release|Any CPU
		{2A0476BF-F2E8-4533-A24C-FE51CC366499}.Release|x86.Build.0 = Release|Any CPU
		{24FBA6D7-E485-4FD9-A8AB-BF2F3DC7A827}.Debug|Any CPU.ActiveCfg = Debug|Any CPU
		{24FBA6D7-E485-4FD9-A8AB-BF2F3DC7A827}.Debug|Any CPU.Build.0 = Debug|Any CPU
		{24FBA6D7-E485-4FD9-A8AB-BF2F3DC7A827}.Debug|x64.ActiveCfg = Debug|Any CPU
		{24FBA6D7-E485-4FD9-A8AB-BF2F3DC7A827}.Debug|x64.Build.0 = Debug|Any CPU
		{24FBA6D7-E485-4FD9-A8AB-BF2F3DC7A827}.Debug|x86.ActiveCfg = Debug|Any CPU
		{24FBA6D7-E485-4FD9-A8AB-BF2F3DC7A827}.Debug|x86.Build.0 = Debug|Any CPU
		{24FBA6D7-E485-4FD9-A8AB-BF2F3DC7A827}.Release|Any CPU.ActiveCfg = Release|Any CPU
		{24FBA6D7-E485-4FD9-A8AB-BF2F3DC7A827}.Release|Any CPU.Build.0 = Release|Any CPU
		{24FBA6D7-E485-4FD9-A8AB-BF2F3DC7A827}.Release|x64.ActiveCfg = Release|Any CPU
		{24FBA6D7-E485-4FD9-A8AB-BF2F3DC7A827}.Release|x64.Build.0 = Release|Any CPU
		{24FBA6D7-E485-4FD9-A8AB-BF2F3DC7A827}.Release|x86.ActiveCfg = Release|Any CPU
		{24FBA6D7-E485-4FD9-A8AB-BF2F3DC7A827}.Release|x86.Build.0 = Release|Any CPU
		{43EA0D6C-8BEF-4DFE-BF78-F4A5FCFD5A72}.Debug|Any CPU.ActiveCfg = Debug|Any CPU
		{43EA0D6C-8BEF-4DFE-BF78-F4A5FCFD5A72}.Debug|Any CPU.Build.0 = Debug|Any CPU
		{43EA0D6C-8BEF-4DFE-BF78-F4A5FCFD5A72}.Debug|x64.ActiveCfg = Debug|Any CPU
		{43EA0D6C-8BEF-4DFE-BF78-F4A5FCFD5A72}.Debug|x64.Build.0 = Debug|Any CPU
		{43EA0D6C-8BEF-4DFE-BF78-F4A5FCFD5A72}.Debug|x86.ActiveCfg = Debug|Any CPU
		{43EA0D6C-8BEF-4DFE-BF78-F4A5FCFD5A72}.Debug|x86.Build.0 = Debug|Any CPU
		{43EA0D6C-8BEF-4DFE-BF78-F4A5FCFD5A72}.Release|Any CPU.ActiveCfg = Release|Any CPU
		{43EA0D6C-8BEF-4DFE-BF78-F4A5FCFD5A72}.Release|Any CPU.Build.0 = Release|Any CPU
		{43EA0D6C-8BEF-4DFE-BF78-F4A5FCFD5A72}.Release|x64.ActiveCfg = Release|Any CPU
		{43EA0D6C-8BEF-4DFE-BF78-F4A5FCFD5A72}.Release|x64.Build.0 = Release|Any CPU
		{43EA0D6C-8BEF-4DFE-BF78-F4A5FCFD5A72}.Release|x86.ActiveCfg = Release|Any CPU
		{43EA0D6C-8BEF-4DFE-BF78-F4A5FCFD5A72}.Release|x86.Build.0 = Release|Any CPU
		{08C3A9E6-D581-428F-94CB-C5ED41AEACC6}.Debug|Any CPU.ActiveCfg = Debug|Any CPU
		{08C3A9E6-D581-428F-94CB-C5ED41AEACC6}.Debug|Any CPU.Build.0 = Debug|Any CPU
		{08C3A9E6-D581-428F-94CB-C5ED41AEACC6}.Debug|x64.ActiveCfg = Debug|Any CPU
		{08C3A9E6-D581-428F-94CB-C5ED41AEACC6}.Debug|x64.Build.0 = Debug|Any CPU
		{08C3A9E6-D581-428F-94CB-C5ED41AEACC6}.Debug|x86.ActiveCfg = Debug|Any CPU
		{08C3A9E6-D581-428F-94CB-C5ED41AEACC6}.Debug|x86.Build.0 = Debug|Any CPU
		{08C3A9E6-D581-428F-94CB-C5ED41AEACC6}.Release|Any CPU.ActiveCfg = Release|Any CPU
		{08C3A9E6-D581-428F-94CB-C5ED41AEACC6}.Release|Any CPU.Build.0 = Release|Any CPU
		{08C3A9E6-D581-428F-94CB-C5ED41AEACC6}.Release|x64.ActiveCfg = Release|Any CPU
		{08C3A9E6-D581-428F-94CB-C5ED41AEACC6}.Release|x64.Build.0 = Release|Any CPU
		{08C3A9E6-D581-428F-94CB-C5ED41AEACC6}.Release|x86.ActiveCfg = Release|Any CPU
		{08C3A9E6-D581-428F-94CB-C5ED41AEACC6}.Release|x86.Build.0 = Release|Any CPU
		{0BEBAAA0-42C2-4FA8-B518-D2D5BB4F07A5}.Debug|Any CPU.ActiveCfg = Debug|Any CPU
		{0BEBAAA0-42C2-4FA8-B518-D2D5BB4F07A5}.Debug|Any CPU.Build.0 = Debug|Any CPU
		{0BEBAAA0-42C2-4FA8-B518-D2D5BB4F07A5}.Debug|x64.ActiveCfg = Debug|Any CPU
		{0BEBAAA0-42C2-4FA8-B518-D2D5BB4F07A5}.Debug|x64.Build.0 = Debug|Any CPU
		{0BEBAAA0-42C2-4FA8-B518-D2D5BB4F07A5}.Debug|x86.ActiveCfg = Debug|Any CPU
		{0BEBAAA0-42C2-4FA8-B518-D2D5BB4F07A5}.Debug|x86.Build.0 = Debug|Any CPU
		{0BEBAAA0-42C2-4FA8-B518-D2D5BB4F07A5}.Release|Any CPU.ActiveCfg = Release|Any CPU
		{0BEBAAA0-42C2-4FA8-B518-D2D5BB4F07A5}.Release|Any CPU.Build.0 = Release|Any CPU
		{0BEBAAA0-42C2-4FA8-B518-D2D5BB4F07A5}.Release|x64.ActiveCfg = Release|Any CPU
		{0BEBAAA0-42C2-4FA8-B518-D2D5BB4F07A5}.Release|x64.Build.0 = Release|Any CPU
		{0BEBAAA0-42C2-4FA8-B518-D2D5BB4F07A5}.Release|x86.ActiveCfg = Release|Any CPU
		{0BEBAAA0-42C2-4FA8-B518-D2D5BB4F07A5}.Release|x86.Build.0 = Release|Any CPU
		{4CA9A053-B4BA-402D-A292-2B4F7C6EC4E8}.Debug|Any CPU.ActiveCfg = Debug|Any CPU
		{4CA9A053-B4BA-402D-A292-2B4F7C6EC4E8}.Debug|Any CPU.Build.0 = Debug|Any CPU
		{4CA9A053-B4BA-402D-A292-2B4F7C6EC4E8}.Debug|x64.ActiveCfg = Debug|Any CPU
		{4CA9A053-B4BA-402D-A292-2B4F7C6EC4E8}.Debug|x64.Build.0 = Debug|Any CPU
		{4CA9A053-B4BA-402D-A292-2B4F7C6EC4E8}.Debug|x86.ActiveCfg = Debug|Any CPU
		{4CA9A053-B4BA-402D-A292-2B4F7C6EC4E8}.Debug|x86.Build.0 = Debug|Any CPU
		{4CA9A053-B4BA-402D-A292-2B4F7C6EC4E8}.Release|Any CPU.ActiveCfg = Release|Any CPU
		{4CA9A053-B4BA-402D-A292-2B4F7C6EC4E8}.Release|Any CPU.Build.0 = Release|Any CPU
		{4CA9A053-B4BA-402D-A292-2B4F7C6EC4E8}.Release|x64.ActiveCfg = Release|Any CPU
		{4CA9A053-B4BA-402D-A292-2B4F7C6EC4E8}.Release|x64.Build.0 = Release|Any CPU
		{4CA9A053-B4BA-402D-A292-2B4F7C6EC4E8}.Release|x86.ActiveCfg = Release|Any CPU
		{4CA9A053-B4BA-402D-A292-2B4F7C6EC4E8}.Release|x86.Build.0 = Release|Any CPU
		{0537DCFF-F616-4C4A-B1A2-ADC5556BAF85}.Debug|Any CPU.ActiveCfg = Debug|Any CPU
		{0537DCFF-F616-4C4A-B1A2-ADC5556BAF85}.Debug|Any CPU.Build.0 = Debug|Any CPU
		{0537DCFF-F616-4C4A-B1A2-ADC5556BAF85}.Debug|x64.ActiveCfg = Debug|Any CPU
		{0537DCFF-F616-4C4A-B1A2-ADC5556BAF85}.Debug|x64.Build.0 = Debug|Any CPU
		{0537DCFF-F616-4C4A-B1A2-ADC5556BAF85}.Debug|x86.ActiveCfg = Debug|Any CPU
		{0537DCFF-F616-4C4A-B1A2-ADC5556BAF85}.Debug|x86.Build.0 = Debug|Any CPU
		{0537DCFF-F616-4C4A-B1A2-ADC5556BAF85}.Release|Any CPU.ActiveCfg = Release|Any CPU
		{0537DCFF-F616-4C4A-B1A2-ADC5556BAF85}.Release|Any CPU.Build.0 = Release|Any CPU
		{0537DCFF-F616-4C4A-B1A2-ADC5556BAF85}.Release|x64.ActiveCfg = Release|Any CPU
		{0537DCFF-F616-4C4A-B1A2-ADC5556BAF85}.Release|x64.Build.0 = Release|Any CPU
		{0537DCFF-F616-4C4A-B1A2-ADC5556BAF85}.Release|x86.ActiveCfg = Release|Any CPU
		{0537DCFF-F616-4C4A-B1A2-ADC5556BAF85}.Release|x86.Build.0 = Release|Any CPU
		{F30503D2-F276-42A5-AD6C-A94C4CADAA00}.Debug|Any CPU.ActiveCfg = Debug|Any CPU
		{F30503D2-F276-42A5-AD6C-A94C4CADAA00}.Debug|Any CPU.Build.0 = Debug|Any CPU
		{F30503D2-F276-42A5-AD6C-A94C4CADAA00}.Debug|x64.ActiveCfg = Debug|Any CPU
		{F30503D2-F276-42A5-AD6C-A94C4CADAA00}.Debug|x64.Build.0 = Debug|Any CPU
		{F30503D2-F276-42A5-AD6C-A94C4CADAA00}.Debug|x86.ActiveCfg = Debug|Any CPU
		{F30503D2-F276-42A5-AD6C-A94C4CADAA00}.Debug|x86.Build.0 = Debug|Any CPU
		{F30503D2-F276-42A5-AD6C-A94C4CADAA00}.Release|Any CPU.ActiveCfg = Release|Any CPU
		{F30503D2-F276-42A5-AD6C-A94C4CADAA00}.Release|Any CPU.Build.0 = Release|Any CPU
		{F30503D2-F276-42A5-AD6C-A94C4CADAA00}.Release|x64.ActiveCfg = Release|Any CPU
		{F30503D2-F276-42A5-AD6C-A94C4CADAA00}.Release|x64.Build.0 = Release|Any CPU
		{F30503D2-F276-42A5-AD6C-A94C4CADAA00}.Release|x86.ActiveCfg = Release|Any CPU
		{F30503D2-F276-42A5-AD6C-A94C4CADAA00}.Release|x86.Build.0 = Release|Any CPU
		{4C0E704C-DA29-40BF-8233-29ABD0AB3C61}.Debug|Any CPU.ActiveCfg = Debug|Any CPU
		{4C0E704C-DA29-40BF-8233-29ABD0AB3C61}.Debug|Any CPU.Build.0 = Debug|Any CPU
		{4C0E704C-DA29-40BF-8233-29ABD0AB3C61}.Debug|x64.ActiveCfg = Debug|Any CPU
		{4C0E704C-DA29-40BF-8233-29ABD0AB3C61}.Debug|x64.Build.0 = Debug|Any CPU
		{4C0E704C-DA29-40BF-8233-29ABD0AB3C61}.Debug|x86.ActiveCfg = Debug|Any CPU
		{4C0E704C-DA29-40BF-8233-29ABD0AB3C61}.Debug|x86.Build.0 = Debug|Any CPU
		{4C0E704C-DA29-40BF-8233-29ABD0AB3C61}.Release|Any CPU.ActiveCfg = Release|Any CPU
		{4C0E704C-DA29-40BF-8233-29ABD0AB3C61}.Release|Any CPU.Build.0 = Release|Any CPU
		{4C0E704C-DA29-40BF-8233-29ABD0AB3C61}.Release|x64.ActiveCfg = Release|Any CPU
		{4C0E704C-DA29-40BF-8233-29ABD0AB3C61}.Release|x64.Build.0 = Release|Any CPU
		{4C0E704C-DA29-40BF-8233-29ABD0AB3C61}.Release|x86.ActiveCfg = Release|Any CPU
		{4C0E704C-DA29-40BF-8233-29ABD0AB3C61}.Release|x86.Build.0 = Release|Any CPU
		{CE74CC74-83E1-458C-8C26-78754469D27F}.Debug|Any CPU.ActiveCfg = Debug|Any CPU
		{CE74CC74-83E1-458C-8C26-78754469D27F}.Debug|Any CPU.Build.0 = Debug|Any CPU
		{CE74CC74-83E1-458C-8C26-78754469D27F}.Debug|x64.ActiveCfg = Debug|Any CPU
		{CE74CC74-83E1-458C-8C26-78754469D27F}.Debug|x64.Build.0 = Debug|Any CPU
		{CE74CC74-83E1-458C-8C26-78754469D27F}.Debug|x86.ActiveCfg = Debug|Any CPU
		{CE74CC74-83E1-458C-8C26-78754469D27F}.Debug|x86.Build.0 = Debug|Any CPU
		{CE74CC74-83E1-458C-8C26-78754469D27F}.Release|Any CPU.ActiveCfg = Release|Any CPU
		{CE74CC74-83E1-458C-8C26-78754469D27F}.Release|Any CPU.Build.0 = Release|Any CPU
		{CE74CC74-83E1-458C-8C26-78754469D27F}.Release|x64.ActiveCfg = Release|Any CPU
		{CE74CC74-83E1-458C-8C26-78754469D27F}.Release|x64.Build.0 = Release|Any CPU
		{CE74CC74-83E1-458C-8C26-78754469D27F}.Release|x86.ActiveCfg = Release|Any CPU
		{CE74CC74-83E1-458C-8C26-78754469D27F}.Release|x86.Build.0 = Release|Any CPU
	EndGlobalSection
	GlobalSection(SolutionProperties) = preSolution
		HideSolutionNode = FALSE
	EndGlobalSection
	GlobalSection(NestedProjects) = preSolution
		{74056E67-414A-4E71-B7FD-BFB917702D1A} = {E5EF59D0-8276-4A06-999F-31D5840FCB8A}
		{7D6EA50E-89B0-4979-AA19-0125F6B560DB} = {E5EF59D0-8276-4A06-999F-31D5840FCB8A}
		{64444176-1CE7-4179-A2C8-62D081FEF5D7} = {E5EF59D0-8276-4A06-999F-31D5840FCB8A}
		{18CD5079-F342-4B84-B90B-389F3D169DAD} = {E5EF59D0-8276-4A06-999F-31D5840FCB8A}
		{CDE5259C-9880-9DE5-1266-C3E44DE6606C} = {3B3981A0-A62C-468A-8497-9D0FA1848E01}
		{18BCB605-BF35-4BAA-180A-12A228EE75FD} = {3B3981A0-A62C-468A-8497-9D0FA1848E01}
		{1687F021-0ACD-A2A7-B073-F99DF95A51CE} = {3B3981A0-A62C-468A-8497-9D0FA1848E01}
		{D2A93E3C-7F21-B2AD-203E-A680A9B9C4F5} = {3B3981A0-A62C-468A-8497-9D0FA1848E01}
		{60C6823B-2FE2-223A-F5D7-1FD86818B890} = {3B3981A0-A62C-468A-8497-9D0FA1848E01}
		{9CB6887F-58A4-2777-E856-81CA13A8A685} = {3B3981A0-A62C-468A-8497-9D0FA1848E01}
		{C0776966-13D1-0602-B01A-AEB65C0BD7C6} = {64444176-1CE7-4179-A2C8-62D081FEF5D7}
		{15D814FA-4DC5-F8D9-F18F-8E488EB7D789} = {64444176-1CE7-4179-A2C8-62D081FEF5D7}
		{2DAE0EA3-FF5C-1F8F-AD5E-2CD1F91F3E38} = {64444176-1CE7-4179-A2C8-62D081FEF5D7}
		{0B606BBA-C1E8-620B-D444-CA9F28DDF3C0} = {74056E67-414A-4E71-B7FD-BFB917702D1A}
		{498944D9-533B-49A5-A154-06A66E1FED93} = {74056E67-414A-4E71-B7FD-BFB917702D1A}
		{9AD55161-702B-4A42-7383-2702F67461D1} = {74056E67-414A-4E71-B7FD-BFB917702D1A}
		{F98BB621-40D0-BB47-D509-A33B1B217C18} = {74056E67-414A-4E71-B7FD-BFB917702D1A}
		{BC925EC8-FDD5-5DE8-9013-7A32AF2DEE6C} = {E5EF59D0-8276-4A06-999F-31D5840FCB8A}
		{E8BFB46E-666B-3409-8E3A-A9F92FBBD575} = {E5EF59D0-8276-4A06-999F-31D5840FCB8A}
		{3E2BAE05-C2B5-EF90-B2F8-1D3939FBDF3F} = {02EA681E-C7D8-13C7-8484-4AC65E1B71E8}
		{E9C55CDB-0E99-F9AB-40D4-0A8A805272E5} = {E5EF59D0-8276-4A06-999F-31D5840FCB8A}
		{21BAE573-7B60-0BFD-9F5A-CC352D9FFE1A} = {18CD5079-F342-4B84-B90B-389F3D169DAD}
		{9211A814-B056-F66A-9E75-489985D56327} = {18CD5079-F342-4B84-B90B-389F3D169DAD}
		{9B9F6510-FB88-DF6B-65E7-DCE279680017} = {18CD5079-F342-4B84-B90B-389F3D169DAD}
		{D8B80B44-C0AD-7E92-A201-9F2BC273EB14} = {18CD5079-F342-4B84-B90B-389F3D169DAD}
		{86EE5E46-3191-1642-E081-87A1AC900B77} = {7D6EA50E-89B0-4979-AA19-0125F6B560DB}
		{4B1B6B39-2280-189A-4A46-493AA50D0696} = {7D6EA50E-89B0-4979-AA19-0125F6B560DB}
		{038FB3E8-8A5F-097D-BC9B-EF3D13EF5C73} = {7D6EA50E-89B0-4979-AA19-0125F6B560DB}
		{DDED2FD5-BE6F-BCCF-1A91-656E94A72557} = {7D6EA50E-89B0-4979-AA19-0125F6B560DB}
		{C00F4F41-9E33-10BD-F660-E48A190259AD} = {7D6EA50E-89B0-4979-AA19-0125F6B560DB}
		{3E107A4A-E557-DAB1-F9D4-5CCF24C8E5C2} = {7D6EA50E-89B0-4979-AA19-0125F6B560DB}
		{8B4A7830-5398-4EB5-6D22-BD8546FCE390} = {E5EF59D0-8276-4A06-999F-31D5840FCB8A}
		{02EA681E-C7D8-13C7-8484-4AC65E1B71E8} = {E5EF59D0-8276-4A06-999F-31D5840FCB8A}
		{816EA488-7128-4CB6-889C-801854283DB8} = {0AB3BF05-4346-4AA6-1389-037BE0695223}
		{E36D9499-48C4-D48C-6667-636E7CBA1D83} = {0AB3BF05-4346-4AA6-1389-037BE0695223}
		{2AC8422C-038F-F57A-CBB5-CC2D1BBD926A} = {0AB3BF05-4346-4AA6-1389-037BE0695223}
		{07021120-CAFC-6908-A3F7-5F4773609B49} = {0AB3BF05-4346-4AA6-1389-037BE0695223}
		{1EEEAEE1-30C4-66E3-FBBA-E583377A4BEE} = {0AB3BF05-4346-4AA6-1389-037BE0695223}
		{CD6199E0-DB1C-DF0F-6B7C-8934AF9A97DC} = {E5EF59D0-8276-4A06-999F-31D5840FCB8A}
		{5D96DA2E-C5FD-52A9-A75D-154108E2566F} = {7D6EA50E-89B0-4979-AA19-0125F6B560DB}
		{2E7E6256-D153-8883-81AF-0BAF250FD469} = {E5EF59D0-8276-4A06-999F-31D5840FCB8A}
		{6FFCC23F-3FFB-DB81-1BF0-FB8C6A6C009B} = {7D6EA50E-89B0-4979-AA19-0125F6B560DB}
		{E42FA38B-4F40-63B3-11BC-9962B91882B6} = {7D6EA50E-89B0-4979-AA19-0125F6B560DB}
		{408CB485-5173-5B7E-A7D7-F0C03A34DA67} = {0AB3BF05-4346-4AA6-1389-037BE0695223}
		{6C0F2BF4-1446-4DED-A801-FE2EF77C19B7} = {0AB3BF05-4346-4AA6-1389-037BE0695223}
		{DE0C9DE4-CBE6-4340-A900-E02205455215} = {7D6EA50E-89B0-4979-AA19-0125F6B560DB}
		{1D817C78-45CC-4EE2-89D0-71DB462C7652} = {0AB3BF05-4346-4AA6-1389-037BE0695223}
		{2DD8BD49-4486-4700-A295-0B3399B06514} = {7D6EA50E-89B0-4979-AA19-0125F6B560DB}
		{51D6F2C2-62F0-4E2D-A5B5-07C231828498} = {E5EF59D0-8276-4A06-999F-31D5840FCB8A}
		{4B1B3DB6-5882-4D5F-9BD9-CD4376014EC9} = {51D6F2C2-62F0-4E2D-A5B5-07C231828498}
		{2D59629C-E020-4CBC-8D28-967659F99CDC} = {51D6F2C2-62F0-4E2D-A5B5-07C231828498}
		{8F9A209B-F656-4949-A2D3-0CD1DB369476} = {51D6F2C2-62F0-4E2D-A5B5-07C231828498}
		{61CF9BB2-C213-554B-21BC-FAF8B0812E02} = {7D6EA50E-89B0-4979-AA19-0125F6B560DB}
		{C05DDB77-793B-547F-7493-FDD374AD72B4} = {7D6EA50E-89B0-4979-AA19-0125F6B560DB}
		{6CA09A80-5972-4B70-B664-F52E0E817901} = {7D6EA50E-89B0-4979-AA19-0125F6B560DB}
		{5A2F521A-B509-4A06-8446-F8A9C65F17D9} = {7D6EA50E-89B0-4979-AA19-0125F6B560DB}
		{E77E1463-FF41-4CC9-87E8-D7F7DCE195C1} = {0AB3BF05-4346-4AA6-1389-037BE0695223}
		{85732AAF-9567-4C96-A205-0344B04D0AC4} = {E5EF59D0-8276-4A06-999F-31D5840FCB8A}
		{2A0476BF-F2E8-4533-A24C-FE51CC366499} = {E5EF59D0-8276-4A06-999F-31D5840FCB8A}
		{24FBA6D7-E485-4FD9-A8AB-BF2F3DC7A827} = {02EA681E-C7D8-13C7-8484-4AC65E1B71E8}
		{43EA0D6C-8BEF-4DFE-BF78-F4A5FCFD5A72} = {02EA681E-C7D8-13C7-8484-4AC65E1B71E8}
		{08C3A9E6-D581-428F-94CB-C5ED41AEACC6} = {0AB3BF05-4346-4AA6-1389-037BE0695223}
		{0BEBAAA0-42C2-4FA8-B518-D2D5BB4F07A5} = {0AB3BF05-4346-4AA6-1389-037BE0695223}
		{4CA9A053-B4BA-402D-A292-2B4F7C6EC4E8} = {02EA681E-C7D8-13C7-8484-4AC65E1B71E8}
		{0537DCFF-F616-4C4A-B1A2-ADC5556BAF85} = {0AB3BF05-4346-4AA6-1389-037BE0695223}
		{F30503D2-F276-42A5-AD6C-A94C4CADAA00} = {E5EF59D0-8276-4A06-999F-31D5840FCB8A}
		{80E6EC68-8F0E-4CA6-A066-C4E41552B136} = {3B3981A0-A62C-468A-8497-9D0FA1848E01}
		{4C0E704C-DA29-40BF-8233-29ABD0AB3C61} = {80E6EC68-8F0E-4CA6-A066-C4E41552B136}
		{CE74CC74-83E1-458C-8C26-78754469D27F} = {80E6EC68-8F0E-4CA6-A066-C4E41552B136}
	EndGlobalSection
	GlobalSection(ExtensibilityGlobals) = postSolution
		SolutionGuid = {B22DD623-7E27-4F7B-B398-4102D636E397}
	EndGlobalSection
EndGlobal
